
Microsoft Visual Studio Solution File, Format Version 12.00
# Visual Studio 15
VisualStudioVersion = 15.0.27130.2036
MinimumVisualStudioVersion = 10.0.40219.1
Project("{EDCC3B85-0BAD-11DB-BC1A-00112FDE8B61}") = "Nemerle.Statechart", "Nemerle.Statechart.nproj", "{E835758E-9839-495F-83C7-87366B1B851C}"
EndProject
Project("{EDCC3B85-0BAD-11DB-BC1A-00112FDE8B61}") = "fsmtest", "Tests\fsmtest\fsmtest.nproj", "{6093C172-6D67-49FF-919B-E012170C203E}"
EndProject
Project("{EDCC3B85-0BAD-11DB-BC1A-00112FDE8B61}") = "Nemerle.Statechart.Analyser", "Nemerle.Statechart.Analyser\Nemerle.Statechart.Analyser.nproj", "{84497372-6EFC-496D-9219-D9CB9B20C047}"
EndProject
Project("{EDCC3B85-0BAD-11DB-BC1A-00112FDE8B61}") = "Nemerle.Statechart.Generator", "Nemerle.Statechart.Generator\Nemerle.Statechart.Generator.nproj", "{0AB321F6-C2B3-410B-8BA8-9C7C0AF9C79F}"
EndProject
Project("{EDCC3B85-0BAD-11DB-BC1A-00112FDE8B61}") = "Nemerle.Statechart.Parser", "Nemerle.Statechart.Parser\Nemerle.Statechart.Parser.nproj", "{2D8790ED-D955-4DF3-B24F-4291469B7618}"
EndProject
Project("{EDCC3B85-0BAD-11DB-BC1A-00112FDE8B61}") = "state_machines", "Tests\state_machines\state_machines.nproj", "{797C8BF4-2021-49C8-8328-DD00A62200B5}"
EndProject
Project("{EDCC3B85-0BAD-11DB-BC1A-00112FDE8B61}") = "Nemerle.Statechart.ModelTree", "ModelTree\Nemerle.Statechart.ModelTree.nproj", "{CBFC7B6B-B96C-49FE-A3C4-A194F64351C9}"
EndProject
Project("{EDCC3B85-0BAD-11DB-BC1A-00112FDE8B61}") = "Nemerle.Statechart.OutputTree", "OutputTree\Nemerle.Statechart.OutputTree.nproj", "{0C5EB91B-F1CF-41D3-9E0B-94087537CB2F}"
EndProject
Project("{EDCC3B85-0BAD-11DB-BC1A-00112FDE8B61}") = "FileFsmTest", "Tests\GuiFileTest\FileFsmTest.nproj", "{D498E754-F7D9-4EB2-91AF-A95B2002A96A}"
EndProject
Project("{EDCC3B85-0BAD-11DB-BC1A-00112FDE8B61}") = "Nemerle.Statechart.Runtime", "Nemerle.Statechart.Runtime\Nemerle.Statechart.Runtime.nproj", "{CAE85846-D56A-4C0B-8964-5419513D4A30}"
EndProject
Project("{EDCC3B85-0BAD-11DB-BC1A-00112FDE8B61}") = "test", "Tests\test\test.nproj", "{4F8854A4-4E7D-415A-AA0D-C069B6112A3A}"
EndProject
Project("{FAE04EC0-301F-11D3-BF4B-00C04F79EFBC}") = "Calculator", "Tests\Calculator\Calculator.csproj", "{C888BFDA-C2DD-4736-9EB9-2CE72569A525}"
EndProject
Project("{FAE04EC0-301F-11D3-BF4B-00C04F79EFBC}") = "CodePad", "Tests\CodePad\CodePad.csproj", "{BA883334-CD8E-4E68-A599-34699182DE7E}"
EndProject
Project("{FAE04EC0-301F-11D3-BF4B-00C04F79EFBC}") = "AlarmClock", "Tests\AlarmClock\AlarmClock.csproj", "{05995382-03B1-452F-8319-84CAC2B36DC5}"
EndProject
Project("{EDCC3B85-0BAD-11DB-BC1A-00112FDE8B61}") = "Nemerle.Statechart.Parser2.Grammar", "Nemerle.Statechart.Parser2\Nemerle.Statechart.Parser2.Grammar.nproj", "{CDD8B187-EC4F-4DC2-A18F-C17D49B8B9ED}"
EndProject
Project("{EDCC3B85-0BAD-11DB-BC1A-00112FDE8B61}") = "Nemerle.Statechart.Parser2", "Nemerle.Statechart.Parser2\Nemerle.Statechart.Parser2\Nemerle.Statechart.Parser2.nproj", "{7FF0858C-26BC-433E-A304-47B78522ADE4}"
EndProject
Project("{FAE04EC0-301F-11D3-BF4B-00C04F79EFBC}") = "UnitTestProject", "Tests\UnitTestProject\UnitTestProject.csproj", "{0C9A0BF6-26D9-459F-9A03-84B183158449}"
EndProject
Project("{EDCC3B85-0BAD-11DB-BC1A-00112FDE8B61}") = "DeclPrettyPrint", "DeclPrettyPrint\DeclPrettyPrint.nproj", "{7B1AB2A9-C313-414E-87F8-0F2A71234FD0}"
EndProject
Project("{EDCC3B85-0BAD-11DB-BC1A-00112FDE8B61}") = "CommonLib.Macros", "CommonLib.Macros\CommonLib.Macros.nproj", "{5E9CFDA7-975A-4EF5-A7E7-B638DF3D19F7}"
EndProject
Project("{EDCC3B85-0BAD-11DB-BC1A-00112FDE8B61}") = "fsm2graph", "fsm2graph\fsm2graph.nproj", "{DA7B2F1A-0EF9-4730-8ADA-58919F52B0FC}"
EndProject
Project("{EDCC3B85-0BAD-11DB-BC1A-00112FDE8B61}") = "graphgen", "graphgen\graphgen.nproj", "{13D174FF-B95A-46DB-8637-43251308A5C0}"
EndProject
Project("{EDCC3B85-0BAD-11DB-BC1A-00112FDE8B61}") = "CppParserPrinter", "CppParserPrinter\CppParserPrinter.nproj", "{44DB92CA-F807-45AF-B498-9B87DDC761BD}"
EndProject
Global
	GlobalSection(SolutionConfigurationPlatforms) = preSolution
		Debug|Any CPU = Debug|Any CPU
		Debug|AnyCPU = Debug|AnyCPU
		Debug|Mixed Platforms = Debug|Mixed Platforms
		Debug|x86 = Debug|x86
		LIBS|Any CPU = LIBS|Any CPU
		LIBS|AnyCPU = LIBS|AnyCPU
		LIBS|Mixed Platforms = LIBS|Mixed Platforms
		LIBS|x86 = LIBS|x86
		NViewer|Any CPU = NViewer|Any CPU
		NViewer|AnyCPU = NViewer|AnyCPU
		NViewer|Mixed Platforms = NViewer|Mixed Platforms
		NViewer|x86 = NViewer|x86
		OPC|Any CPU = OPC|Any CPU
		OPC|AnyCPU = OPC|AnyCPU
		OPC|Mixed Platforms = OPC|Mixed Platforms
		OPC|x86 = OPC|x86
		Release|Any CPU = Release|Any CPU
		Release|AnyCPU = Release|AnyCPU
		Release|Mixed Platforms = Release|Mixed Platforms
		Release|x86 = Release|x86
	EndGlobalSection
	GlobalSection(ProjectConfigurationPlatforms) = postSolution
		{E835758E-9839-495F-83C7-87366B1B851C}.Debug|Any CPU.ActiveCfg = Debug|Any CPU
		{E835758E-9839-495F-83C7-87366B1B851C}.Debug|Any CPU.Build.0 = Debug|Any CPU
		{E835758E-9839-495F-83C7-87366B1B851C}.Debug|AnyCPU.ActiveCfg = Debug|Any CPU
		{E835758E-9839-495F-83C7-87366B1B851C}.Debug|Mixed Platforms.ActiveCfg = Debug|Any CPU
		{E835758E-9839-495F-83C7-87366B1B851C}.Debug|Mixed Platforms.Build.0 = Debug|Any CPU
		{E835758E-9839-495F-83C7-87366B1B851C}.Debug|x86.ActiveCfg = Debug|x86
		{E835758E-9839-495F-83C7-87366B1B851C}.Debug|x86.Build.0 = Debug|x86
		{E835758E-9839-495F-83C7-87366B1B851C}.LIBS|Any CPU.ActiveCfg = Release|Any CPU
		{E835758E-9839-495F-83C7-87366B1B851C}.LIBS|Any CPU.Build.0 = Release|Any CPU
		{E835758E-9839-495F-83C7-87366B1B851C}.LIBS|AnyCPU.ActiveCfg = Release|Any CPU
		{E835758E-9839-495F-83C7-87366B1B851C}.LIBS|AnyCPU.Build.0 = Release|Any CPU
		{E835758E-9839-495F-83C7-87366B1B851C}.LIBS|Mixed Platforms.ActiveCfg = Release|x86
		{E835758E-9839-495F-83C7-87366B1B851C}.LIBS|Mixed Platforms.Build.0 = Release|x86
		{E835758E-9839-495F-83C7-87366B1B851C}.LIBS|x86.ActiveCfg = Release|x86
		{E835758E-9839-495F-83C7-87366B1B851C}.LIBS|x86.Build.0 = Release|x86
		{E835758E-9839-495F-83C7-87366B1B851C}.NViewer|Any CPU.ActiveCfg = Release|Any CPU
		{E835758E-9839-495F-83C7-87366B1B851C}.NViewer|Any CPU.Build.0 = Release|Any CPU
		{E835758E-9839-495F-83C7-87366B1B851C}.NViewer|AnyCPU.ActiveCfg = Release|Any CPU
		{E835758E-9839-495F-83C7-87366B1B851C}.NViewer|AnyCPU.Build.0 = Release|Any CPU
		{E835758E-9839-495F-83C7-87366B1B851C}.NViewer|Mixed Platforms.ActiveCfg = Release|x86
		{E835758E-9839-495F-83C7-87366B1B851C}.NViewer|Mixed Platforms.Build.0 = Release|x86
		{E835758E-9839-495F-83C7-87366B1B851C}.NViewer|x86.ActiveCfg = Release|x86
		{E835758E-9839-495F-83C7-87366B1B851C}.NViewer|x86.Build.0 = Release|x86
		{E835758E-9839-495F-83C7-87366B1B851C}.OPC|Any CPU.ActiveCfg = Release|Any CPU
		{E835758E-9839-495F-83C7-87366B1B851C}.OPC|Any CPU.Build.0 = Release|Any CPU
		{E835758E-9839-495F-83C7-87366B1B851C}.OPC|AnyCPU.ActiveCfg = Release|Any CPU
		{E835758E-9839-495F-83C7-87366B1B851C}.OPC|AnyCPU.Build.0 = Release|Any CPU
		{E835758E-9839-495F-83C7-87366B1B851C}.OPC|Mixed Platforms.ActiveCfg = Release|x86
		{E835758E-9839-495F-83C7-87366B1B851C}.OPC|Mixed Platforms.Build.0 = Release|x86
		{E835758E-9839-495F-83C7-87366B1B851C}.OPC|x86.ActiveCfg = Release|x86
		{E835758E-9839-495F-83C7-87366B1B851C}.OPC|x86.Build.0 = Release|x86
		{E835758E-9839-495F-83C7-87366B1B851C}.Release|Any CPU.ActiveCfg = Release|Any CPU
		{E835758E-9839-495F-83C7-87366B1B851C}.Release|Any CPU.Build.0 = Release|Any CPU
		{E835758E-9839-495F-83C7-87366B1B851C}.Release|AnyCPU.ActiveCfg = Release|Any CPU
		{E835758E-9839-495F-83C7-87366B1B851C}.Release|Mixed Platforms.ActiveCfg = Release|Any CPU
		{E835758E-9839-495F-83C7-87366B1B851C}.Release|Mixed Platforms.Build.0 = Release|Any CPU
		{E835758E-9839-495F-83C7-87366B1B851C}.Release|x86.ActiveCfg = Release|x86
		{E835758E-9839-495F-83C7-87366B1B851C}.Release|x86.Build.0 = Release|x86
		{6093C172-6D67-49FF-919B-E012170C203E}.Debug|Any CPU.ActiveCfg = Debug|Any CPU
		{6093C172-6D67-49FF-919B-E012170C203E}.Debug|Any CPU.Build.0 = Debug|Any CPU
		{6093C172-6D67-49FF-919B-E012170C203E}.Debug|AnyCPU.ActiveCfg = Debug|Any CPU
		{6093C172-6D67-49FF-919B-E012170C203E}.Debug|Mixed Platforms.ActiveCfg = Debug|Any CPU
		{6093C172-6D67-49FF-919B-E012170C203E}.Debug|Mixed Platforms.Build.0 = Debug|Any CPU
		{6093C172-6D67-49FF-919B-E012170C203E}.Debug|x86.ActiveCfg = Debug|Any CPU
		{6093C172-6D67-49FF-919B-E012170C203E}.LIBS|Any CPU.ActiveCfg = Release|Any CPU
		{6093C172-6D67-49FF-919B-E012170C203E}.LIBS|Any CPU.Build.0 = Release|Any CPU
		{6093C172-6D67-49FF-919B-E012170C203E}.LIBS|AnyCPU.ActiveCfg = Release|Any CPU
		{6093C172-6D67-49FF-919B-E012170C203E}.LIBS|AnyCPU.Build.0 = Release|Any CPU
		{6093C172-6D67-49FF-919B-E012170C203E}.LIBS|Mixed Platforms.ActiveCfg = Release|Any CPU
		{6093C172-6D67-49FF-919B-E012170C203E}.LIBS|Mixed Platforms.Build.0 = Release|Any CPU
		{6093C172-6D67-49FF-919B-E012170C203E}.LIBS|x86.ActiveCfg = Release|Any CPU
		{6093C172-6D67-49FF-919B-E012170C203E}.LIBS|x86.Build.0 = Release|Any CPU
		{6093C172-6D67-49FF-919B-E012170C203E}.NViewer|Any CPU.ActiveCfg = Release|Any CPU
		{6093C172-6D67-49FF-919B-E012170C203E}.NViewer|Any CPU.Build.0 = Release|Any CPU
		{6093C172-6D67-49FF-919B-E012170C203E}.NViewer|AnyCPU.ActiveCfg = Release|Any CPU
		{6093C172-6D67-49FF-919B-E012170C203E}.NViewer|AnyCPU.Build.0 = Release|Any CPU
		{6093C172-6D67-49FF-919B-E012170C203E}.NViewer|Mixed Platforms.ActiveCfg = Release|Any CPU
		{6093C172-6D67-49FF-919B-E012170C203E}.NViewer|Mixed Platforms.Build.0 = Release|Any CPU
		{6093C172-6D67-49FF-919B-E012170C203E}.NViewer|x86.ActiveCfg = Release|Any CPU
		{6093C172-6D67-49FF-919B-E012170C203E}.NViewer|x86.Build.0 = Release|Any CPU
		{6093C172-6D67-49FF-919B-E012170C203E}.OPC|Any CPU.ActiveCfg = Release|Any CPU
		{6093C172-6D67-49FF-919B-E012170C203E}.OPC|Any CPU.Build.0 = Release|Any CPU
		{6093C172-6D67-49FF-919B-E012170C203E}.OPC|AnyCPU.ActiveCfg = Release|Any CPU
		{6093C172-6D67-49FF-919B-E012170C203E}.OPC|AnyCPU.Build.0 = Release|Any CPU
		{6093C172-6D67-49FF-919B-E012170C203E}.OPC|Mixed Platforms.ActiveCfg = Release|Any CPU
		{6093C172-6D67-49FF-919B-E012170C203E}.OPC|Mixed Platforms.Build.0 = Release|Any CPU
		{6093C172-6D67-49FF-919B-E012170C203E}.OPC|x86.ActiveCfg = Release|Any CPU
		{6093C172-6D67-49FF-919B-E012170C203E}.OPC|x86.Build.0 = Release|Any CPU
		{6093C172-6D67-49FF-919B-E012170C203E}.Release|Any CPU.ActiveCfg = Release|Any CPU
		{6093C172-6D67-49FF-919B-E012170C203E}.Release|Any CPU.Build.0 = Release|Any CPU
		{6093C172-6D67-49FF-919B-E012170C203E}.Release|AnyCPU.ActiveCfg = Release|Any CPU
		{6093C172-6D67-49FF-919B-E012170C203E}.Release|Mixed Platforms.ActiveCfg = Release|Any CPU
		{6093C172-6D67-49FF-919B-E012170C203E}.Release|Mixed Platforms.Build.0 = Release|Any CPU
		{6093C172-6D67-49FF-919B-E012170C203E}.Release|x86.ActiveCfg = Release|Any CPU
		{84497372-6EFC-496D-9219-D9CB9B20C047}.Debug|Any CPU.ActiveCfg = Debug|Any CPU
		{84497372-6EFC-496D-9219-D9CB9B20C047}.Debug|Any CPU.Build.0 = Debug|Any CPU
		{84497372-6EFC-496D-9219-D9CB9B20C047}.Debug|AnyCPU.ActiveCfg = Debug|Any CPU
		{84497372-6EFC-496D-9219-D9CB9B20C047}.Debug|Mixed Platforms.ActiveCfg = Debug|Any CPU
		{84497372-6EFC-496D-9219-D9CB9B20C047}.Debug|Mixed Platforms.Build.0 = Debug|Any CPU
		{84497372-6EFC-496D-9219-D9CB9B20C047}.Debug|x86.ActiveCfg = Debug|Any CPU
		{84497372-6EFC-496D-9219-D9CB9B20C047}.LIBS|Any CPU.ActiveCfg = Release|Any CPU
		{84497372-6EFC-496D-9219-D9CB9B20C047}.LIBS|Any CPU.Build.0 = Release|Any CPU
		{84497372-6EFC-496D-9219-D9CB9B20C047}.LIBS|AnyCPU.ActiveCfg = Release|Any CPU
		{84497372-6EFC-496D-9219-D9CB9B20C047}.LIBS|AnyCPU.Build.0 = Release|Any CPU
		{84497372-6EFC-496D-9219-D9CB9B20C047}.LIBS|Mixed Platforms.ActiveCfg = Release|Any CPU
		{84497372-6EFC-496D-9219-D9CB9B20C047}.LIBS|Mixed Platforms.Build.0 = Release|Any CPU
		{84497372-6EFC-496D-9219-D9CB9B20C047}.LIBS|x86.ActiveCfg = Release|Any CPU
		{84497372-6EFC-496D-9219-D9CB9B20C047}.LIBS|x86.Build.0 = Release|Any CPU
		{84497372-6EFC-496D-9219-D9CB9B20C047}.NViewer|Any CPU.ActiveCfg = Release|Any CPU
		{84497372-6EFC-496D-9219-D9CB9B20C047}.NViewer|Any CPU.Build.0 = Release|Any CPU
		{84497372-6EFC-496D-9219-D9CB9B20C047}.NViewer|AnyCPU.ActiveCfg = Release|Any CPU
		{84497372-6EFC-496D-9219-D9CB9B20C047}.NViewer|AnyCPU.Build.0 = Release|Any CPU
		{84497372-6EFC-496D-9219-D9CB9B20C047}.NViewer|Mixed Platforms.ActiveCfg = Release|Any CPU
		{84497372-6EFC-496D-9219-D9CB9B20C047}.NViewer|Mixed Platforms.Build.0 = Release|Any CPU
		{84497372-6EFC-496D-9219-D9CB9B20C047}.NViewer|x86.ActiveCfg = Release|Any CPU
		{84497372-6EFC-496D-9219-D9CB9B20C047}.NViewer|x86.Build.0 = Release|Any CPU
		{84497372-6EFC-496D-9219-D9CB9B20C047}.OPC|Any CPU.ActiveCfg = Release|Any CPU
		{84497372-6EFC-496D-9219-D9CB9B20C047}.OPC|Any CPU.Build.0 = Release|Any CPU
		{84497372-6EFC-496D-9219-D9CB9B20C047}.OPC|AnyCPU.ActiveCfg = Release|Any CPU
		{84497372-6EFC-496D-9219-D9CB9B20C047}.OPC|AnyCPU.Build.0 = Release|Any CPU
		{84497372-6EFC-496D-9219-D9CB9B20C047}.OPC|Mixed Platforms.ActiveCfg = Release|Any CPU
		{84497372-6EFC-496D-9219-D9CB9B20C047}.OPC|Mixed Platforms.Build.0 = Release|Any CPU
		{84497372-6EFC-496D-9219-D9CB9B20C047}.OPC|x86.ActiveCfg = Release|Any CPU
		{84497372-6EFC-496D-9219-D9CB9B20C047}.OPC|x86.Build.0 = Release|Any CPU
		{84497372-6EFC-496D-9219-D9CB9B20C047}.Release|Any CPU.ActiveCfg = Release|Any CPU
		{84497372-6EFC-496D-9219-D9CB9B20C047}.Release|Any CPU.Build.0 = Release|Any CPU
		{84497372-6EFC-496D-9219-D9CB9B20C047}.Release|AnyCPU.ActiveCfg = Release|Any CPU
		{84497372-6EFC-496D-9219-D9CB9B20C047}.Release|Mixed Platforms.ActiveCfg = Release|Any CPU
		{84497372-6EFC-496D-9219-D9CB9B20C047}.Release|Mixed Platforms.Build.0 = Release|Any CPU
		{84497372-6EFC-496D-9219-D9CB9B20C047}.Release|x86.ActiveCfg = Release|Any CPU
		{0AB321F6-C2B3-410B-8BA8-9C7C0AF9C79F}.Debug|Any CPU.ActiveCfg = Debug|Any CPU
		{0AB321F6-C2B3-410B-8BA8-9C7C0AF9C79F}.Debug|Any CPU.Build.0 = Debug|Any CPU
		{0AB321F6-C2B3-410B-8BA8-9C7C0AF9C79F}.Debug|AnyCPU.ActiveCfg = Debug|Any CPU
		{0AB321F6-C2B3-410B-8BA8-9C7C0AF9C79F}.Debug|Mixed Platforms.ActiveCfg = Debug|Any CPU
		{0AB321F6-C2B3-410B-8BA8-9C7C0AF9C79F}.Debug|Mixed Platforms.Build.0 = Debug|Any CPU
		{0AB321F6-C2B3-410B-8BA8-9C7C0AF9C79F}.Debug|x86.ActiveCfg = Debug|Any CPU
		{0AB321F6-C2B3-410B-8BA8-9C7C0AF9C79F}.LIBS|Any CPU.ActiveCfg = Release|Any CPU
		{0AB321F6-C2B3-410B-8BA8-9C7C0AF9C79F}.LIBS|Any CPU.Build.0 = Release|Any CPU
		{0AB321F6-C2B3-410B-8BA8-9C7C0AF9C79F}.LIBS|AnyCPU.ActiveCfg = Release|Any CPU
		{0AB321F6-C2B3-410B-8BA8-9C7C0AF9C79F}.LIBS|AnyCPU.Build.0 = Release|Any CPU
		{0AB321F6-C2B3-410B-8BA8-9C7C0AF9C79F}.LIBS|Mixed Platforms.ActiveCfg = Release|Any CPU
		{0AB321F6-C2B3-410B-8BA8-9C7C0AF9C79F}.LIBS|Mixed Platforms.Build.0 = Release|Any CPU
		{0AB321F6-C2B3-410B-8BA8-9C7C0AF9C79F}.LIBS|x86.ActiveCfg = Release|Any CPU
		{0AB321F6-C2B3-410B-8BA8-9C7C0AF9C79F}.LIBS|x86.Build.0 = Release|Any CPU
		{0AB321F6-C2B3-410B-8BA8-9C7C0AF9C79F}.NViewer|Any CPU.ActiveCfg = Release|Any CPU
		{0AB321F6-C2B3-410B-8BA8-9C7C0AF9C79F}.NViewer|Any CPU.Build.0 = Release|Any CPU
		{0AB321F6-C2B3-410B-8BA8-9C7C0AF9C79F}.NViewer|AnyCPU.ActiveCfg = Release|Any CPU
		{0AB321F6-C2B3-410B-8BA8-9C7C0AF9C79F}.NViewer|AnyCPU.Build.0 = Release|Any CPU
		{0AB321F6-C2B3-410B-8BA8-9C7C0AF9C79F}.NViewer|Mixed Platforms.ActiveCfg = Release|Any CPU
		{0AB321F6-C2B3-410B-8BA8-9C7C0AF9C79F}.NViewer|Mixed Platforms.Build.0 = Release|Any CPU
		{0AB321F6-C2B3-410B-8BA8-9C7C0AF9C79F}.NViewer|x86.ActiveCfg = Release|Any CPU
		{0AB321F6-C2B3-410B-8BA8-9C7C0AF9C79F}.NViewer|x86.Build.0 = Release|Any CPU
		{0AB321F6-C2B3-410B-8BA8-9C7C0AF9C79F}.OPC|Any CPU.ActiveCfg = Release|Any CPU
		{0AB321F6-C2B3-410B-8BA8-9C7C0AF9C79F}.OPC|Any CPU.Build.0 = Release|Any CPU
		{0AB321F6-C2B3-410B-8BA8-9C7C0AF9C79F}.OPC|AnyCPU.ActiveCfg = Release|Any CPU
		{0AB321F6-C2B3-410B-8BA8-9C7C0AF9C79F}.OPC|AnyCPU.Build.0 = Release|Any CPU
		{0AB321F6-C2B3-410B-8BA8-9C7C0AF9C79F}.OPC|Mixed Platforms.ActiveCfg = Release|Any CPU
		{0AB321F6-C2B3-410B-8BA8-9C7C0AF9C79F}.OPC|Mixed Platforms.Build.0 = Release|Any CPU
		{0AB321F6-C2B3-410B-8BA8-9C7C0AF9C79F}.OPC|x86.ActiveCfg = Release|Any CPU
		{0AB321F6-C2B3-410B-8BA8-9C7C0AF9C79F}.OPC|x86.Build.0 = Release|Any CPU
		{0AB321F6-C2B3-410B-8BA8-9C7C0AF9C79F}.Release|Any CPU.ActiveCfg = Release|Any CPU
		{0AB321F6-C2B3-410B-8BA8-9C7C0AF9C79F}.Release|Any CPU.Build.0 = Release|Any CPU
		{0AB321F6-C2B3-410B-8BA8-9C7C0AF9C79F}.Release|AnyCPU.ActiveCfg = Release|Any CPU
		{0AB321F6-C2B3-410B-8BA8-9C7C0AF9C79F}.Release|Mixed Platforms.ActiveCfg = Release|Any CPU
		{0AB321F6-C2B3-410B-8BA8-9C7C0AF9C79F}.Release|Mixed Platforms.Build.0 = Release|Any CPU
		{0AB321F6-C2B3-410B-8BA8-9C7C0AF9C79F}.Release|x86.ActiveCfg = Release|Any CPU
		{2D8790ED-D955-4DF3-B24F-4291469B7618}.Debug|Any CPU.ActiveCfg = Debug|Any CPU
		{2D8790ED-D955-4DF3-B24F-4291469B7618}.Debug|Any CPU.Build.0 = Debug|Any CPU
		{2D8790ED-D955-4DF3-B24F-4291469B7618}.Debug|AnyCPU.ActiveCfg = Debug|Any CPU
		{2D8790ED-D955-4DF3-B24F-4291469B7618}.Debug|Mixed Platforms.ActiveCfg = Debug|Any CPU
		{2D8790ED-D955-4DF3-B24F-4291469B7618}.Debug|x86.ActiveCfg = Debug|Any CPU
		{2D8790ED-D955-4DF3-B24F-4291469B7618}.LIBS|Any CPU.ActiveCfg = Release|Any CPU
		{2D8790ED-D955-4DF3-B24F-4291469B7618}.LIBS|Any CPU.Build.0 = Release|Any CPU
		{2D8790ED-D955-4DF3-B24F-4291469B7618}.LIBS|AnyCPU.ActiveCfg = Release|Any CPU
		{2D8790ED-D955-4DF3-B24F-4291469B7618}.LIBS|AnyCPU.Build.0 = Release|Any CPU
		{2D8790ED-D955-4DF3-B24F-4291469B7618}.LIBS|Mixed Platforms.ActiveCfg = Release|Any CPU
		{2D8790ED-D955-4DF3-B24F-4291469B7618}.LIBS|Mixed Platforms.Build.0 = Release|Any CPU
		{2D8790ED-D955-4DF3-B24F-4291469B7618}.LIBS|x86.ActiveCfg = Release|Any CPU
		{2D8790ED-D955-4DF3-B24F-4291469B7618}.LIBS|x86.Build.0 = Release|Any CPU
		{2D8790ED-D955-4DF3-B24F-4291469B7618}.NViewer|Any CPU.ActiveCfg = Release|Any CPU
		{2D8790ED-D955-4DF3-B24F-4291469B7618}.NViewer|Any CPU.Build.0 = Release|Any CPU
		{2D8790ED-D955-4DF3-B24F-4291469B7618}.NViewer|AnyCPU.ActiveCfg = Release|Any CPU
		{2D8790ED-D955-4DF3-B24F-4291469B7618}.NViewer|AnyCPU.Build.0 = Release|Any CPU
		{2D8790ED-D955-4DF3-B24F-4291469B7618}.NViewer|Mixed Platforms.ActiveCfg = Release|Any CPU
		{2D8790ED-D955-4DF3-B24F-4291469B7618}.NViewer|Mixed Platforms.Build.0 = Release|Any CPU
		{2D8790ED-D955-4DF3-B24F-4291469B7618}.NViewer|x86.ActiveCfg = Release|Any CPU
		{2D8790ED-D955-4DF3-B24F-4291469B7618}.NViewer|x86.Build.0 = Release|Any CPU
		{2D8790ED-D955-4DF3-B24F-4291469B7618}.OPC|Any CPU.ActiveCfg = Release|Any CPU
		{2D8790ED-D955-4DF3-B24F-4291469B7618}.OPC|Any CPU.Build.0 = Release|Any CPU
		{2D8790ED-D955-4DF3-B24F-4291469B7618}.OPC|AnyCPU.ActiveCfg = Release|Any CPU
		{2D8790ED-D955-4DF3-B24F-4291469B7618}.OPC|AnyCPU.Build.0 = Release|Any CPU
		{2D8790ED-D955-4DF3-B24F-4291469B7618}.OPC|Mixed Platforms.ActiveCfg = Release|Any CPU
		{2D8790ED-D955-4DF3-B24F-4291469B7618}.OPC|Mixed Platforms.Build.0 = Release|Any CPU
		{2D8790ED-D955-4DF3-B24F-4291469B7618}.OPC|x86.ActiveCfg = Release|Any CPU
		{2D8790ED-D955-4DF3-B24F-4291469B7618}.OPC|x86.Build.0 = Release|Any CPU
		{2D8790ED-D955-4DF3-B24F-4291469B7618}.Release|Any CPU.ActiveCfg = Release|Any CPU
		{2D8790ED-D955-4DF3-B24F-4291469B7618}.Release|Any CPU.Build.0 = Release|Any CPU
		{2D8790ED-D955-4DF3-B24F-4291469B7618}.Release|AnyCPU.ActiveCfg = Release|Any CPU
		{2D8790ED-D955-4DF3-B24F-4291469B7618}.Release|Mixed Platforms.ActiveCfg = Release|Any CPU
		{2D8790ED-D955-4DF3-B24F-4291469B7618}.Release|Mixed Platforms.Build.0 = Release|Any CPU
		{2D8790ED-D955-4DF3-B24F-4291469B7618}.Release|x86.ActiveCfg = Release|Any CPU
		{797C8BF4-2021-49C8-8328-DD00A62200B5}.Debug|Any CPU.ActiveCfg = Debug|Any CPU
		{797C8BF4-2021-49C8-8328-DD00A62200B5}.Debug|Any CPU.Build.0 = Debug|Any CPU
		{797C8BF4-2021-49C8-8328-DD00A62200B5}.Debug|AnyCPU.ActiveCfg = Debug|Any CPU
		{797C8BF4-2021-49C8-8328-DD00A62200B5}.Debug|Mixed Platforms.ActiveCfg = Debug|Any CPU
		{797C8BF4-2021-49C8-8328-DD00A62200B5}.Debug|Mixed Platforms.Build.0 = Debug|Any CPU
		{797C8BF4-2021-49C8-8328-DD00A62200B5}.Debug|x86.ActiveCfg = Debug|Any CPU
		{797C8BF4-2021-49C8-8328-DD00A62200B5}.LIBS|Any CPU.ActiveCfg = Release|Any CPU
		{797C8BF4-2021-49C8-8328-DD00A62200B5}.LIBS|Any CPU.Build.0 = Release|Any CPU
		{797C8BF4-2021-49C8-8328-DD00A62200B5}.LIBS|AnyCPU.ActiveCfg = Release|Any CPU
		{797C8BF4-2021-49C8-8328-DD00A62200B5}.LIBS|AnyCPU.Build.0 = Release|Any CPU
		{797C8BF4-2021-49C8-8328-DD00A62200B5}.LIBS|Mixed Platforms.ActiveCfg = Release|Any CPU
		{797C8BF4-2021-49C8-8328-DD00A62200B5}.LIBS|Mixed Platforms.Build.0 = Release|Any CPU
		{797C8BF4-2021-49C8-8328-DD00A62200B5}.LIBS|x86.ActiveCfg = Release|Any CPU
		{797C8BF4-2021-49C8-8328-DD00A62200B5}.LIBS|x86.Build.0 = Release|Any CPU
		{797C8BF4-2021-49C8-8328-DD00A62200B5}.NViewer|Any CPU.ActiveCfg = Release|Any CPU
		{797C8BF4-2021-49C8-8328-DD00A62200B5}.NViewer|Any CPU.Build.0 = Release|Any CPU
		{797C8BF4-2021-49C8-8328-DD00A62200B5}.NViewer|AnyCPU.ActiveCfg = Release|Any CPU
		{797C8BF4-2021-49C8-8328-DD00A62200B5}.NViewer|AnyCPU.Build.0 = Release|Any CPU
		{797C8BF4-2021-49C8-8328-DD00A62200B5}.NViewer|Mixed Platforms.ActiveCfg = Release|Any CPU
		{797C8BF4-2021-49C8-8328-DD00A62200B5}.NViewer|Mixed Platforms.Build.0 = Release|Any CPU
		{797C8BF4-2021-49C8-8328-DD00A62200B5}.NViewer|x86.ActiveCfg = Release|Any CPU
		{797C8BF4-2021-49C8-8328-DD00A62200B5}.NViewer|x86.Build.0 = Release|Any CPU
		{797C8BF4-2021-49C8-8328-DD00A62200B5}.OPC|Any CPU.ActiveCfg = Release|Any CPU
		{797C8BF4-2021-49C8-8328-DD00A62200B5}.OPC|Any CPU.Build.0 = Release|Any CPU
		{797C8BF4-2021-49C8-8328-DD00A62200B5}.OPC|AnyCPU.ActiveCfg = Release|Any CPU
		{797C8BF4-2021-49C8-8328-DD00A62200B5}.OPC|AnyCPU.Build.0 = Release|Any CPU
		{797C8BF4-2021-49C8-8328-DD00A62200B5}.OPC|Mixed Platforms.ActiveCfg = Release|Any CPU
		{797C8BF4-2021-49C8-8328-DD00A62200B5}.OPC|Mixed Platforms.Build.0 = Release|Any CPU
		{797C8BF4-2021-49C8-8328-DD00A62200B5}.OPC|x86.ActiveCfg = Release|Any CPU
		{797C8BF4-2021-49C8-8328-DD00A62200B5}.OPC|x86.Build.0 = Release|Any CPU
		{797C8BF4-2021-49C8-8328-DD00A62200B5}.Release|Any CPU.ActiveCfg = Release|Any CPU
		{797C8BF4-2021-49C8-8328-DD00A62200B5}.Release|Any CPU.Build.0 = Release|Any CPU
		{797C8BF4-2021-49C8-8328-DD00A62200B5}.Release|AnyCPU.ActiveCfg = Release|Any CPU
		{797C8BF4-2021-49C8-8328-DD00A62200B5}.Release|Mixed Platforms.ActiveCfg = Release|Any CPU
		{797C8BF4-2021-49C8-8328-DD00A62200B5}.Release|Mixed Platforms.Build.0 = Release|Any CPU
		{797C8BF4-2021-49C8-8328-DD00A62200B5}.Release|x86.ActiveCfg = Release|Any CPU
		{CBFC7B6B-B96C-49FE-A3C4-A194F64351C9}.Debug|Any CPU.ActiveCfg = Debug|Any CPU
		{CBFC7B6B-B96C-49FE-A3C4-A194F64351C9}.Debug|Any CPU.Build.0 = Debug|Any CPU
		{CBFC7B6B-B96C-49FE-A3C4-A194F64351C9}.Debug|AnyCPU.ActiveCfg = Debug|Any CPU
		{CBFC7B6B-B96C-49FE-A3C4-A194F64351C9}.Debug|Mixed Platforms.ActiveCfg = Debug|Any CPU
		{CBFC7B6B-B96C-49FE-A3C4-A194F64351C9}.Debug|Mixed Platforms.Build.0 = Debug|Any CPU
		{CBFC7B6B-B96C-49FE-A3C4-A194F64351C9}.Debug|x86.ActiveCfg = Debug|Any CPU
		{CBFC7B6B-B96C-49FE-A3C4-A194F64351C9}.LIBS|Any CPU.ActiveCfg = Release|Any CPU
		{CBFC7B6B-B96C-49FE-A3C4-A194F64351C9}.LIBS|Any CPU.Build.0 = Release|Any CPU
		{CBFC7B6B-B96C-49FE-A3C4-A194F64351C9}.LIBS|AnyCPU.ActiveCfg = Release|Any CPU
		{CBFC7B6B-B96C-49FE-A3C4-A194F64351C9}.LIBS|AnyCPU.Build.0 = Release|Any CPU
		{CBFC7B6B-B96C-49FE-A3C4-A194F64351C9}.LIBS|Mixed Platforms.ActiveCfg = Release|Any CPU
		{CBFC7B6B-B96C-49FE-A3C4-A194F64351C9}.LIBS|Mixed Platforms.Build.0 = Release|Any CPU
		{CBFC7B6B-B96C-49FE-A3C4-A194F64351C9}.LIBS|x86.ActiveCfg = Release|Any CPU
		{CBFC7B6B-B96C-49FE-A3C4-A194F64351C9}.LIBS|x86.Build.0 = Release|Any CPU
		{CBFC7B6B-B96C-49FE-A3C4-A194F64351C9}.NViewer|Any CPU.ActiveCfg = Release|Any CPU
		{CBFC7B6B-B96C-49FE-A3C4-A194F64351C9}.NViewer|Any CPU.Build.0 = Release|Any CPU
		{CBFC7B6B-B96C-49FE-A3C4-A194F64351C9}.NViewer|AnyCPU.ActiveCfg = Release|Any CPU
		{CBFC7B6B-B96C-49FE-A3C4-A194F64351C9}.NViewer|AnyCPU.Build.0 = Release|Any CPU
		{CBFC7B6B-B96C-49FE-A3C4-A194F64351C9}.NViewer|Mixed Platforms.ActiveCfg = Release|Any CPU
		{CBFC7B6B-B96C-49FE-A3C4-A194F64351C9}.NViewer|Mixed Platforms.Build.0 = Release|Any CPU
		{CBFC7B6B-B96C-49FE-A3C4-A194F64351C9}.NViewer|x86.ActiveCfg = Release|Any CPU
		{CBFC7B6B-B96C-49FE-A3C4-A194F64351C9}.NViewer|x86.Build.0 = Release|Any CPU
		{CBFC7B6B-B96C-49FE-A3C4-A194F64351C9}.OPC|Any CPU.ActiveCfg = Release|Any CPU
		{CBFC7B6B-B96C-49FE-A3C4-A194F64351C9}.OPC|Any CPU.Build.0 = Release|Any CPU
		{CBFC7B6B-B96C-49FE-A3C4-A194F64351C9}.OPC|AnyCPU.ActiveCfg = Release|Any CPU
		{CBFC7B6B-B96C-49FE-A3C4-A194F64351C9}.OPC|AnyCPU.Build.0 = Release|Any CPU
		{CBFC7B6B-B96C-49FE-A3C4-A194F64351C9}.OPC|Mixed Platforms.ActiveCfg = Release|Any CPU
		{CBFC7B6B-B96C-49FE-A3C4-A194F64351C9}.OPC|Mixed Platforms.Build.0 = Release|Any CPU
		{CBFC7B6B-B96C-49FE-A3C4-A194F64351C9}.OPC|x86.ActiveCfg = Release|Any CPU
		{CBFC7B6B-B96C-49FE-A3C4-A194F64351C9}.OPC|x86.Build.0 = Release|Any CPU
		{CBFC7B6B-B96C-49FE-A3C4-A194F64351C9}.Release|Any CPU.ActiveCfg = Release|Any CPU
		{CBFC7B6B-B96C-49FE-A3C4-A194F64351C9}.Release|Any CPU.Build.0 = Release|Any CPU
		{CBFC7B6B-B96C-49FE-A3C4-A194F64351C9}.Release|AnyCPU.ActiveCfg = Release|Any CPU
		{CBFC7B6B-B96C-49FE-A3C4-A194F64351C9}.Release|Mixed Platforms.ActiveCfg = Release|Any CPU
		{CBFC7B6B-B96C-49FE-A3C4-A194F64351C9}.Release|Mixed Platforms.Build.0 = Release|Any CPU
		{CBFC7B6B-B96C-49FE-A3C4-A194F64351C9}.Release|x86.ActiveCfg = Release|Any CPU
		{0C5EB91B-F1CF-41D3-9E0B-94087537CB2F}.Debug|Any CPU.ActiveCfg = Debug|Any CPU
		{0C5EB91B-F1CF-41D3-9E0B-94087537CB2F}.Debug|Any CPU.Build.0 = Debug|Any CPU
		{0C5EB91B-F1CF-41D3-9E0B-94087537CB2F}.Debug|AnyCPU.ActiveCfg = Debug|Any CPU
		{0C5EB91B-F1CF-41D3-9E0B-94087537CB2F}.Debug|Mixed Platforms.ActiveCfg = Debug|Any CPU
		{0C5EB91B-F1CF-41D3-9E0B-94087537CB2F}.Debug|Mixed Platforms.Build.0 = Debug|Any CPU
		{0C5EB91B-F1CF-41D3-9E0B-94087537CB2F}.Debug|x86.ActiveCfg = Debug|Any CPU
		{0C5EB91B-F1CF-41D3-9E0B-94087537CB2F}.LIBS|Any CPU.ActiveCfg = Release|Any CPU
		{0C5EB91B-F1CF-41D3-9E0B-94087537CB2F}.LIBS|Any CPU.Build.0 = Release|Any CPU
		{0C5EB91B-F1CF-41D3-9E0B-94087537CB2F}.LIBS|AnyCPU.ActiveCfg = Release|Any CPU
		{0C5EB91B-F1CF-41D3-9E0B-94087537CB2F}.LIBS|AnyCPU.Build.0 = Release|Any CPU
		{0C5EB91B-F1CF-41D3-9E0B-94087537CB2F}.LIBS|Mixed Platforms.ActiveCfg = Release|Any CPU
		{0C5EB91B-F1CF-41D3-9E0B-94087537CB2F}.LIBS|Mixed Platforms.Build.0 = Release|Any CPU
		{0C5EB91B-F1CF-41D3-9E0B-94087537CB2F}.LIBS|x86.ActiveCfg = Release|Any CPU
		{0C5EB91B-F1CF-41D3-9E0B-94087537CB2F}.LIBS|x86.Build.0 = Release|Any CPU
		{0C5EB91B-F1CF-41D3-9E0B-94087537CB2F}.NViewer|Any CPU.ActiveCfg = Release|Any CPU
		{0C5EB91B-F1CF-41D3-9E0B-94087537CB2F}.NViewer|Any CPU.Build.0 = Release|Any CPU
		{0C5EB91B-F1CF-41D3-9E0B-94087537CB2F}.NViewer|AnyCPU.ActiveCfg = Release|Any CPU
		{0C5EB91B-F1CF-41D3-9E0B-94087537CB2F}.NViewer|AnyCPU.Build.0 = Release|Any CPU
		{0C5EB91B-F1CF-41D3-9E0B-94087537CB2F}.NViewer|Mixed Platforms.ActiveCfg = Release|Any CPU
		{0C5EB91B-F1CF-41D3-9E0B-94087537CB2F}.NViewer|Mixed Platforms.Build.0 = Release|Any CPU
		{0C5EB91B-F1CF-41D3-9E0B-94087537CB2F}.NViewer|x86.ActiveCfg = Release|Any CPU
		{0C5EB91B-F1CF-41D3-9E0B-94087537CB2F}.NViewer|x86.Build.0 = Release|Any CPU
		{0C5EB91B-F1CF-41D3-9E0B-94087537CB2F}.OPC|Any CPU.ActiveCfg = Release|Any CPU
		{0C5EB91B-F1CF-41D3-9E0B-94087537CB2F}.OPC|Any CPU.Build.0 = Release|Any CPU
		{0C5EB91B-F1CF-41D3-9E0B-94087537CB2F}.OPC|AnyCPU.ActiveCfg = Release|Any CPU
		{0C5EB91B-F1CF-41D3-9E0B-94087537CB2F}.OPC|AnyCPU.Build.0 = Release|Any CPU
		{0C5EB91B-F1CF-41D3-9E0B-94087537CB2F}.OPC|Mixed Platforms.ActiveCfg = Release|Any CPU
		{0C5EB91B-F1CF-41D3-9E0B-94087537CB2F}.OPC|Mixed Platforms.Build.0 = Release|Any CPU
		{0C5EB91B-F1CF-41D3-9E0B-94087537CB2F}.OPC|x86.ActiveCfg = Release|Any CPU
		{0C5EB91B-F1CF-41D3-9E0B-94087537CB2F}.OPC|x86.Build.0 = Release|Any CPU
		{0C5EB91B-F1CF-41D3-9E0B-94087537CB2F}.Release|Any CPU.ActiveCfg = Release|Any CPU
		{0C5EB91B-F1CF-41D3-9E0B-94087537CB2F}.Release|Any CPU.Build.0 = Release|Any CPU
		{0C5EB91B-F1CF-41D3-9E0B-94087537CB2F}.Release|AnyCPU.ActiveCfg = Release|Any CPU
		{0C5EB91B-F1CF-41D3-9E0B-94087537CB2F}.Release|Mixed Platforms.ActiveCfg = Release|Any CPU
		{0C5EB91B-F1CF-41D3-9E0B-94087537CB2F}.Release|Mixed Platforms.Build.0 = Release|Any CPU
		{0C5EB91B-F1CF-41D3-9E0B-94087537CB2F}.Release|x86.ActiveCfg = Release|Any CPU
		{D498E754-F7D9-4EB2-91AF-A95B2002A96A}.Debug|Any CPU.ActiveCfg = Debug|Any CPU
		{D498E754-F7D9-4EB2-91AF-A95B2002A96A}.Debug|Any CPU.Build.0 = Debug|Any CPU
		{D498E754-F7D9-4EB2-91AF-A95B2002A96A}.Debug|AnyCPU.ActiveCfg = Debug|Any CPU
		{D498E754-F7D9-4EB2-91AF-A95B2002A96A}.Debug|Mixed Platforms.ActiveCfg = Debug|Any CPU
		{D498E754-F7D9-4EB2-91AF-A95B2002A96A}.Debug|Mixed Platforms.Build.0 = Debug|Any CPU
		{D498E754-F7D9-4EB2-91AF-A95B2002A96A}.Debug|x86.ActiveCfg = Debug|Any CPU
		{D498E754-F7D9-4EB2-91AF-A95B2002A96A}.LIBS|Any CPU.ActiveCfg = Release|Any CPU
		{D498E754-F7D9-4EB2-91AF-A95B2002A96A}.LIBS|Any CPU.Build.0 = Release|Any CPU
		{D498E754-F7D9-4EB2-91AF-A95B2002A96A}.LIBS|AnyCPU.ActiveCfg = Release|Any CPU
		{D498E754-F7D9-4EB2-91AF-A95B2002A96A}.LIBS|AnyCPU.Build.0 = Release|Any CPU
		{D498E754-F7D9-4EB2-91AF-A95B2002A96A}.LIBS|Mixed Platforms.ActiveCfg = Release|Any CPU
		{D498E754-F7D9-4EB2-91AF-A95B2002A96A}.LIBS|Mixed Platforms.Build.0 = Release|Any CPU
		{D498E754-F7D9-4EB2-91AF-A95B2002A96A}.LIBS|x86.ActiveCfg = Release|Any CPU
		{D498E754-F7D9-4EB2-91AF-A95B2002A96A}.LIBS|x86.Build.0 = Release|Any CPU
		{D498E754-F7D9-4EB2-91AF-A95B2002A96A}.NViewer|Any CPU.ActiveCfg = Release|Any CPU
		{D498E754-F7D9-4EB2-91AF-A95B2002A96A}.NViewer|Any CPU.Build.0 = Release|Any CPU
		{D498E754-F7D9-4EB2-91AF-A95B2002A96A}.NViewer|AnyCPU.ActiveCfg = Release|Any CPU
		{D498E754-F7D9-4EB2-91AF-A95B2002A96A}.NViewer|AnyCPU.Build.0 = Release|Any CPU
		{D498E754-F7D9-4EB2-91AF-A95B2002A96A}.NViewer|Mixed Platforms.ActiveCfg = Release|Any CPU
		{D498E754-F7D9-4EB2-91AF-A95B2002A96A}.NViewer|Mixed Platforms.Build.0 = Release|Any CPU
		{D498E754-F7D9-4EB2-91AF-A95B2002A96A}.NViewer|x86.ActiveCfg = Release|Any CPU
		{D498E754-F7D9-4EB2-91AF-A95B2002A96A}.NViewer|x86.Build.0 = Release|Any CPU
		{D498E754-F7D9-4EB2-91AF-A95B2002A96A}.OPC|Any CPU.ActiveCfg = Release|Any CPU
		{D498E754-F7D9-4EB2-91AF-A95B2002A96A}.OPC|Any CPU.Build.0 = Release|Any CPU
		{D498E754-F7D9-4EB2-91AF-A95B2002A96A}.OPC|AnyCPU.ActiveCfg = Release|Any CPU
		{D498E754-F7D9-4EB2-91AF-A95B2002A96A}.OPC|AnyCPU.Build.0 = Release|Any CPU
		{D498E754-F7D9-4EB2-91AF-A95B2002A96A}.OPC|Mixed Platforms.ActiveCfg = Release|Any CPU
		{D498E754-F7D9-4EB2-91AF-A95B2002A96A}.OPC|Mixed Platforms.Build.0 = Release|Any CPU
		{D498E754-F7D9-4EB2-91AF-A95B2002A96A}.OPC|x86.ActiveCfg = Release|Any CPU
		{D498E754-F7D9-4EB2-91AF-A95B2002A96A}.OPC|x86.Build.0 = Release|Any CPU
		{D498E754-F7D9-4EB2-91AF-A95B2002A96A}.Release|Any CPU.ActiveCfg = Release|Any CPU
		{D498E754-F7D9-4EB2-91AF-A95B2002A96A}.Release|Any CPU.Build.0 = Release|Any CPU
		{D498E754-F7D9-4EB2-91AF-A95B2002A96A}.Release|AnyCPU.ActiveCfg = Release|Any CPU
		{D498E754-F7D9-4EB2-91AF-A95B2002A96A}.Release|Mixed Platforms.ActiveCfg = Release|Any CPU
		{D498E754-F7D9-4EB2-91AF-A95B2002A96A}.Release|Mixed Platforms.Build.0 = Release|Any CPU
		{D498E754-F7D9-4EB2-91AF-A95B2002A96A}.Release|x86.ActiveCfg = Release|Any CPU
		{CAE85846-D56A-4C0B-8964-5419513D4A30}.Debug|Any CPU.ActiveCfg = Debug|Any CPU
		{CAE85846-D56A-4C0B-8964-5419513D4A30}.Debug|Any CPU.Build.0 = Debug|Any CPU
		{CAE85846-D56A-4C0B-8964-5419513D4A30}.Debug|AnyCPU.ActiveCfg = Debug|Any CPU
		{CAE85846-D56A-4C0B-8964-5419513D4A30}.Debug|Mixed Platforms.ActiveCfg = Debug|Any CPU
		{CAE85846-D56A-4C0B-8964-5419513D4A30}.Debug|Mixed Platforms.Build.0 = Debug|Any CPU
		{CAE85846-D56A-4C0B-8964-5419513D4A30}.Debug|x86.ActiveCfg = Debug|Any CPU
		{CAE85846-D56A-4C0B-8964-5419513D4A30}.LIBS|Any CPU.ActiveCfg = Release|Any CPU
		{CAE85846-D56A-4C0B-8964-5419513D4A30}.LIBS|Any CPU.Build.0 = Release|Any CPU
		{CAE85846-D56A-4C0B-8964-5419513D4A30}.LIBS|AnyCPU.ActiveCfg = Release|Any CPU
		{CAE85846-D56A-4C0B-8964-5419513D4A30}.LIBS|AnyCPU.Build.0 = Release|Any CPU
		{CAE85846-D56A-4C0B-8964-5419513D4A30}.LIBS|Mixed Platforms.ActiveCfg = Release|Any CPU
		{CAE85846-D56A-4C0B-8964-5419513D4A30}.LIBS|Mixed Platforms.Build.0 = Release|Any CPU
		{CAE85846-D56A-4C0B-8964-5419513D4A30}.LIBS|x86.ActiveCfg = Release|Any CPU
		{CAE85846-D56A-4C0B-8964-5419513D4A30}.LIBS|x86.Build.0 = Release|Any CPU
		{CAE85846-D56A-4C0B-8964-5419513D4A30}.NViewer|Any CPU.ActiveCfg = Release|Any CPU
		{CAE85846-D56A-4C0B-8964-5419513D4A30}.NViewer|Any CPU.Build.0 = Release|Any CPU
		{CAE85846-D56A-4C0B-8964-5419513D4A30}.NViewer|AnyCPU.ActiveCfg = Release|Any CPU
		{CAE85846-D56A-4C0B-8964-5419513D4A30}.NViewer|AnyCPU.Build.0 = Release|Any CPU
		{CAE85846-D56A-4C0B-8964-5419513D4A30}.NViewer|Mixed Platforms.ActiveCfg = Release|Any CPU
		{CAE85846-D56A-4C0B-8964-5419513D4A30}.NViewer|Mixed Platforms.Build.0 = Release|Any CPU
		{CAE85846-D56A-4C0B-8964-5419513D4A30}.NViewer|x86.ActiveCfg = Release|Any CPU
		{CAE85846-D56A-4C0B-8964-5419513D4A30}.NViewer|x86.Build.0 = Release|Any CPU
		{CAE85846-D56A-4C0B-8964-5419513D4A30}.OPC|Any CPU.ActiveCfg = Release|Any CPU
		{CAE85846-D56A-4C0B-8964-5419513D4A30}.OPC|Any CPU.Build.0 = Release|Any CPU
		{CAE85846-D56A-4C0B-8964-5419513D4A30}.OPC|AnyCPU.ActiveCfg = Release|Any CPU
		{CAE85846-D56A-4C0B-8964-5419513D4A30}.OPC|AnyCPU.Build.0 = Release|Any CPU
		{CAE85846-D56A-4C0B-8964-5419513D4A30}.OPC|Mixed Platforms.ActiveCfg = Release|Any CPU
		{CAE85846-D56A-4C0B-8964-5419513D4A30}.OPC|Mixed Platforms.Build.0 = Release|Any CPU
		{CAE85846-D56A-4C0B-8964-5419513D4A30}.OPC|x86.ActiveCfg = Release|Any CPU
		{CAE85846-D56A-4C0B-8964-5419513D4A30}.OPC|x86.Build.0 = Release|Any CPU
		{CAE85846-D56A-4C0B-8964-5419513D4A30}.Release|Any CPU.ActiveCfg = Release|Any CPU
		{CAE85846-D56A-4C0B-8964-5419513D4A30}.Release|Any CPU.Build.0 = Release|Any CPU
		{CAE85846-D56A-4C0B-8964-5419513D4A30}.Release|AnyCPU.ActiveCfg = Release|Any CPU
		{CAE85846-D56A-4C0B-8964-5419513D4A30}.Release|Mixed Platforms.ActiveCfg = Release|Any CPU
		{CAE85846-D56A-4C0B-8964-5419513D4A30}.Release|Mixed Platforms.Build.0 = Release|Any CPU
		{CAE85846-D56A-4C0B-8964-5419513D4A30}.Release|x86.ActiveCfg = Release|Any CPU
		{4F8854A4-4E7D-415A-AA0D-C069B6112A3A}.Debug|Any CPU.ActiveCfg = Debug|Any CPU
		{4F8854A4-4E7D-415A-AA0D-C069B6112A3A}.Debug|Any CPU.Build.0 = Debug|Any CPU
		{4F8854A4-4E7D-415A-AA0D-C069B6112A3A}.Debug|AnyCPU.ActiveCfg = Debug|Any CPU
		{4F8854A4-4E7D-415A-AA0D-C069B6112A3A}.Debug|AnyCPU.Build.0 = Debug|Any CPU
		{4F8854A4-4E7D-415A-AA0D-C069B6112A3A}.Debug|Mixed Platforms.ActiveCfg = Debug|Any CPU
		{4F8854A4-4E7D-415A-AA0D-C069B6112A3A}.Debug|Mixed Platforms.Build.0 = Debug|Any CPU
		{4F8854A4-4E7D-415A-AA0D-C069B6112A3A}.Debug|x86.ActiveCfg = Debug|Any CPU
		{4F8854A4-4E7D-415A-AA0D-C069B6112A3A}.LIBS|Any CPU.ActiveCfg = Release|Any CPU
		{4F8854A4-4E7D-415A-AA0D-C069B6112A3A}.LIBS|Any CPU.Build.0 = Release|Any CPU
		{4F8854A4-4E7D-415A-AA0D-C069B6112A3A}.LIBS|AnyCPU.ActiveCfg = Release|Any CPU
		{4F8854A4-4E7D-415A-AA0D-C069B6112A3A}.LIBS|AnyCPU.Build.0 = Release|Any CPU
		{4F8854A4-4E7D-415A-AA0D-C069B6112A3A}.LIBS|Mixed Platforms.ActiveCfg = Release|Any CPU
		{4F8854A4-4E7D-415A-AA0D-C069B6112A3A}.LIBS|Mixed Platforms.Build.0 = Release|Any CPU
		{4F8854A4-4E7D-415A-AA0D-C069B6112A3A}.LIBS|x86.ActiveCfg = Release|Any CPU
		{4F8854A4-4E7D-415A-AA0D-C069B6112A3A}.LIBS|x86.Build.0 = Release|Any CPU
		{4F8854A4-4E7D-415A-AA0D-C069B6112A3A}.NViewer|Any CPU.ActiveCfg = Release|Any CPU
		{4F8854A4-4E7D-415A-AA0D-C069B6112A3A}.NViewer|Any CPU.Build.0 = Release|Any CPU
		{4F8854A4-4E7D-415A-AA0D-C069B6112A3A}.NViewer|AnyCPU.ActiveCfg = Release|Any CPU
		{4F8854A4-4E7D-415A-AA0D-C069B6112A3A}.NViewer|AnyCPU.Build.0 = Release|Any CPU
		{4F8854A4-4E7D-415A-AA0D-C069B6112A3A}.NViewer|Mixed Platforms.ActiveCfg = Release|Any CPU
		{4F8854A4-4E7D-415A-AA0D-C069B6112A3A}.NViewer|Mixed Platforms.Build.0 = Release|Any CPU
		{4F8854A4-4E7D-415A-AA0D-C069B6112A3A}.NViewer|x86.ActiveCfg = Release|Any CPU
		{4F8854A4-4E7D-415A-AA0D-C069B6112A3A}.NViewer|x86.Build.0 = Release|Any CPU
		{4F8854A4-4E7D-415A-AA0D-C069B6112A3A}.OPC|Any CPU.ActiveCfg = Release|Any CPU
		{4F8854A4-4E7D-415A-AA0D-C069B6112A3A}.OPC|Any CPU.Build.0 = Release|Any CPU
		{4F8854A4-4E7D-415A-AA0D-C069B6112A3A}.OPC|AnyCPU.ActiveCfg = Release|Any CPU
		{4F8854A4-4E7D-415A-AA0D-C069B6112A3A}.OPC|AnyCPU.Build.0 = Release|Any CPU
		{4F8854A4-4E7D-415A-AA0D-C069B6112A3A}.OPC|Mixed Platforms.ActiveCfg = Release|Any CPU
		{4F8854A4-4E7D-415A-AA0D-C069B6112A3A}.OPC|Mixed Platforms.Build.0 = Release|Any CPU
		{4F8854A4-4E7D-415A-AA0D-C069B6112A3A}.OPC|x86.ActiveCfg = Release|Any CPU
		{4F8854A4-4E7D-415A-AA0D-C069B6112A3A}.OPC|x86.Build.0 = Release|Any CPU
		{4F8854A4-4E7D-415A-AA0D-C069B6112A3A}.Release|Any CPU.ActiveCfg = Release|Any CPU
		{4F8854A4-4E7D-415A-AA0D-C069B6112A3A}.Release|Any CPU.Build.0 = Release|Any CPU
		{4F8854A4-4E7D-415A-AA0D-C069B6112A3A}.Release|AnyCPU.ActiveCfg = Release|Any CPU
		{4F8854A4-4E7D-415A-AA0D-C069B6112A3A}.Release|AnyCPU.Build.0 = Release|Any CPU
		{4F8854A4-4E7D-415A-AA0D-C069B6112A3A}.Release|Mixed Platforms.ActiveCfg = Release|Any CPU
		{4F8854A4-4E7D-415A-AA0D-C069B6112A3A}.Release|Mixed Platforms.Build.0 = Release|Any CPU
		{4F8854A4-4E7D-415A-AA0D-C069B6112A3A}.Release|x86.ActiveCfg = Release|Any CPU
		{C888BFDA-C2DD-4736-9EB9-2CE72569A525}.Debug|Any CPU.ActiveCfg = Debug|x86
		{C888BFDA-C2DD-4736-9EB9-2CE72569A525}.Debug|AnyCPU.ActiveCfg = Debug|x86
		{C888BFDA-C2DD-4736-9EB9-2CE72569A525}.Debug|Mixed Platforms.ActiveCfg = Debug|x86
		{C888BFDA-C2DD-4736-9EB9-2CE72569A525}.Debug|Mixed Platforms.Build.0 = Debug|x86
		{C888BFDA-C2DD-4736-9EB9-2CE72569A525}.Debug|x86.ActiveCfg = Debug|x86
		{C888BFDA-C2DD-4736-9EB9-2CE72569A525}.Debug|x86.Build.0 = Debug|x86
		{C888BFDA-C2DD-4736-9EB9-2CE72569A525}.LIBS|Any CPU.ActiveCfg = Release|x86
		{C888BFDA-C2DD-4736-9EB9-2CE72569A525}.LIBS|Any CPU.Build.0 = Release|x86
		{C888BFDA-C2DD-4736-9EB9-2CE72569A525}.LIBS|AnyCPU.ActiveCfg = Release|x86
		{C888BFDA-C2DD-4736-9EB9-2CE72569A525}.LIBS|AnyCPU.Build.0 = Release|x86
		{C888BFDA-C2DD-4736-9EB9-2CE72569A525}.LIBS|Mixed Platforms.ActiveCfg = Release|x86
		{C888BFDA-C2DD-4736-9EB9-2CE72569A525}.LIBS|Mixed Platforms.Build.0 = Release|x86
		{C888BFDA-C2DD-4736-9EB9-2CE72569A525}.LIBS|x86.ActiveCfg = Release|x86
		{C888BFDA-C2DD-4736-9EB9-2CE72569A525}.LIBS|x86.Build.0 = Release|x86
		{C888BFDA-C2DD-4736-9EB9-2CE72569A525}.NViewer|Any CPU.ActiveCfg = Release|x86
		{C888BFDA-C2DD-4736-9EB9-2CE72569A525}.NViewer|Any CPU.Build.0 = Release|x86
		{C888BFDA-C2DD-4736-9EB9-2CE72569A525}.NViewer|AnyCPU.ActiveCfg = Release|x86
		{C888BFDA-C2DD-4736-9EB9-2CE72569A525}.NViewer|AnyCPU.Build.0 = Release|x86
		{C888BFDA-C2DD-4736-9EB9-2CE72569A525}.NViewer|Mixed Platforms.ActiveCfg = Release|x86
		{C888BFDA-C2DD-4736-9EB9-2CE72569A525}.NViewer|Mixed Platforms.Build.0 = Release|x86
		{C888BFDA-C2DD-4736-9EB9-2CE72569A525}.NViewer|x86.ActiveCfg = Release|x86
		{C888BFDA-C2DD-4736-9EB9-2CE72569A525}.NViewer|x86.Build.0 = Release|x86
		{C888BFDA-C2DD-4736-9EB9-2CE72569A525}.OPC|Any CPU.ActiveCfg = Release|x86
		{C888BFDA-C2DD-4736-9EB9-2CE72569A525}.OPC|Any CPU.Build.0 = Release|x86
		{C888BFDA-C2DD-4736-9EB9-2CE72569A525}.OPC|AnyCPU.ActiveCfg = Release|x86
		{C888BFDA-C2DD-4736-9EB9-2CE72569A525}.OPC|AnyCPU.Build.0 = Release|x86
		{C888BFDA-C2DD-4736-9EB9-2CE72569A525}.OPC|Mixed Platforms.ActiveCfg = Release|x86
		{C888BFDA-C2DD-4736-9EB9-2CE72569A525}.OPC|Mixed Platforms.Build.0 = Release|x86
		{C888BFDA-C2DD-4736-9EB9-2CE72569A525}.OPC|x86.ActiveCfg = Release|x86
		{C888BFDA-C2DD-4736-9EB9-2CE72569A525}.OPC|x86.Build.0 = Release|x86
		{C888BFDA-C2DD-4736-9EB9-2CE72569A525}.Release|Any CPU.ActiveCfg = Release|x86
		{C888BFDA-C2DD-4736-9EB9-2CE72569A525}.Release|AnyCPU.ActiveCfg = Release|x86
		{C888BFDA-C2DD-4736-9EB9-2CE72569A525}.Release|Mixed Platforms.ActiveCfg = Release|x86
		{C888BFDA-C2DD-4736-9EB9-2CE72569A525}.Release|Mixed Platforms.Build.0 = Release|x86
		{C888BFDA-C2DD-4736-9EB9-2CE72569A525}.Release|x86.ActiveCfg = Release|x86
		{C888BFDA-C2DD-4736-9EB9-2CE72569A525}.Release|x86.Build.0 = Release|x86
		{BA883334-CD8E-4E68-A599-34699182DE7E}.Debug|Any CPU.ActiveCfg = Debug|x86
		{BA883334-CD8E-4E68-A599-34699182DE7E}.Debug|AnyCPU.ActiveCfg = Debug|x86
		{BA883334-CD8E-4E68-A599-34699182DE7E}.Debug|Mixed Platforms.ActiveCfg = Debug|x86
		{BA883334-CD8E-4E68-A599-34699182DE7E}.Debug|Mixed Platforms.Build.0 = Debug|x86
		{BA883334-CD8E-4E68-A599-34699182DE7E}.Debug|x86.ActiveCfg = Debug|x86
		{BA883334-CD8E-4E68-A599-34699182DE7E}.Debug|x86.Build.0 = Debug|x86
		{BA883334-CD8E-4E68-A599-34699182DE7E}.LIBS|Any CPU.ActiveCfg = Release|x86
		{BA883334-CD8E-4E68-A599-34699182DE7E}.LIBS|Any CPU.Build.0 = Release|x86
		{BA883334-CD8E-4E68-A599-34699182DE7E}.LIBS|AnyCPU.ActiveCfg = Release|x86
		{BA883334-CD8E-4E68-A599-34699182DE7E}.LIBS|AnyCPU.Build.0 = Release|x86
		{BA883334-CD8E-4E68-A599-34699182DE7E}.LIBS|Mixed Platforms.ActiveCfg = Release|x86
		{BA883334-CD8E-4E68-A599-34699182DE7E}.LIBS|Mixed Platforms.Build.0 = Release|x86
		{BA883334-CD8E-4E68-A599-34699182DE7E}.LIBS|x86.ActiveCfg = Release|x86
		{BA883334-CD8E-4E68-A599-34699182DE7E}.LIBS|x86.Build.0 = Release|x86
		{BA883334-CD8E-4E68-A599-34699182DE7E}.NViewer|Any CPU.ActiveCfg = Release|x86
		{BA883334-CD8E-4E68-A599-34699182DE7E}.NViewer|Any CPU.Build.0 = Release|x86
		{BA883334-CD8E-4E68-A599-34699182DE7E}.NViewer|AnyCPU.ActiveCfg = Release|x86
		{BA883334-CD8E-4E68-A599-34699182DE7E}.NViewer|AnyCPU.Build.0 = Release|x86
		{BA883334-CD8E-4E68-A599-34699182DE7E}.NViewer|Mixed Platforms.ActiveCfg = Release|x86
		{BA883334-CD8E-4E68-A599-34699182DE7E}.NViewer|Mixed Platforms.Build.0 = Release|x86
		{BA883334-CD8E-4E68-A599-34699182DE7E}.NViewer|x86.ActiveCfg = Release|x86
		{BA883334-CD8E-4E68-A599-34699182DE7E}.NViewer|x86.Build.0 = Release|x86
		{BA883334-CD8E-4E68-A599-34699182DE7E}.OPC|Any CPU.ActiveCfg = Release|x86
		{BA883334-CD8E-4E68-A599-34699182DE7E}.OPC|Any CPU.Build.0 = Release|x86
		{BA883334-CD8E-4E68-A599-34699182DE7E}.OPC|AnyCPU.ActiveCfg = Release|x86
		{BA883334-CD8E-4E68-A599-34699182DE7E}.OPC|AnyCPU.Build.0 = Release|x86
		{BA883334-CD8E-4E68-A599-34699182DE7E}.OPC|Mixed Platforms.ActiveCfg = Release|x86
		{BA883334-CD8E-4E68-A599-34699182DE7E}.OPC|Mixed Platforms.Build.0 = Release|x86
		{BA883334-CD8E-4E68-A599-34699182DE7E}.OPC|x86.ActiveCfg = Release|x86
		{BA883334-CD8E-4E68-A599-34699182DE7E}.OPC|x86.Build.0 = Release|x86
		{BA883334-CD8E-4E68-A599-34699182DE7E}.Release|Any CPU.ActiveCfg = Release|x86
		{BA883334-CD8E-4E68-A599-34699182DE7E}.Release|AnyCPU.ActiveCfg = Release|x86
		{BA883334-CD8E-4E68-A599-34699182DE7E}.Release|Mixed Platforms.ActiveCfg = Release|x86
		{BA883334-CD8E-4E68-A599-34699182DE7E}.Release|Mixed Platforms.Build.0 = Release|x86
		{BA883334-CD8E-4E68-A599-34699182DE7E}.Release|x86.ActiveCfg = Release|x86
		{BA883334-CD8E-4E68-A599-34699182DE7E}.Release|x86.Build.0 = Release|x86
		{05995382-03B1-452F-8319-84CAC2B36DC5}.Debug|Any CPU.ActiveCfg = Debug|x86
		{05995382-03B1-452F-8319-84CAC2B36DC5}.Debug|AnyCPU.ActiveCfg = Debug|x86
		{05995382-03B1-452F-8319-84CAC2B36DC5}.Debug|Mixed Platforms.ActiveCfg = Debug|x86
		{05995382-03B1-452F-8319-84CAC2B36DC5}.Debug|Mixed Platforms.Build.0 = Debug|x86
		{05995382-03B1-452F-8319-84CAC2B36DC5}.Debug|x86.ActiveCfg = Debug|x86
		{05995382-03B1-452F-8319-84CAC2B36DC5}.Debug|x86.Build.0 = Debug|x86
		{05995382-03B1-452F-8319-84CAC2B36DC5}.LIBS|Any CPU.ActiveCfg = Release|x86
		{05995382-03B1-452F-8319-84CAC2B36DC5}.LIBS|Any CPU.Build.0 = Release|x86
		{05995382-03B1-452F-8319-84CAC2B36DC5}.LIBS|AnyCPU.ActiveCfg = Release|x86
		{05995382-03B1-452F-8319-84CAC2B36DC5}.LIBS|AnyCPU.Build.0 = Release|x86
		{05995382-03B1-452F-8319-84CAC2B36DC5}.LIBS|Mixed Platforms.ActiveCfg = Release|x86
		{05995382-03B1-452F-8319-84CAC2B36DC5}.LIBS|Mixed Platforms.Build.0 = Release|x86
		{05995382-03B1-452F-8319-84CAC2B36DC5}.LIBS|x86.ActiveCfg = Release|x86
		{05995382-03B1-452F-8319-84CAC2B36DC5}.LIBS|x86.Build.0 = Release|x86
		{05995382-03B1-452F-8319-84CAC2B36DC5}.NViewer|Any CPU.ActiveCfg = Release|x86
		{05995382-03B1-452F-8319-84CAC2B36DC5}.NViewer|Any CPU.Build.0 = Release|x86
		{05995382-03B1-452F-8319-84CAC2B36DC5}.NViewer|AnyCPU.ActiveCfg = Release|x86
		{05995382-03B1-452F-8319-84CAC2B36DC5}.NViewer|AnyCPU.Build.0 = Release|x86
		{05995382-03B1-452F-8319-84CAC2B36DC5}.NViewer|Mixed Platforms.ActiveCfg = Release|x86
		{05995382-03B1-452F-8319-84CAC2B36DC5}.NViewer|Mixed Platforms.Build.0 = Release|x86
		{05995382-03B1-452F-8319-84CAC2B36DC5}.NViewer|x86.ActiveCfg = Release|x86
		{05995382-03B1-452F-8319-84CAC2B36DC5}.NViewer|x86.Build.0 = Release|x86
		{05995382-03B1-452F-8319-84CAC2B36DC5}.OPC|Any CPU.ActiveCfg = Release|x86
		{05995382-03B1-452F-8319-84CAC2B36DC5}.OPC|Any CPU.Build.0 = Release|x86
		{05995382-03B1-452F-8319-84CAC2B36DC5}.OPC|AnyCPU.ActiveCfg = Release|x86
		{05995382-03B1-452F-8319-84CAC2B36DC5}.OPC|AnyCPU.Build.0 = Release|x86
		{05995382-03B1-452F-8319-84CAC2B36DC5}.OPC|Mixed Platforms.ActiveCfg = Release|x86
		{05995382-03B1-452F-8319-84CAC2B36DC5}.OPC|Mixed Platforms.Build.0 = Release|x86
		{05995382-03B1-452F-8319-84CAC2B36DC5}.OPC|x86.ActiveCfg = Release|x86
		{05995382-03B1-452F-8319-84CAC2B36DC5}.OPC|x86.Build.0 = Release|x86
		{05995382-03B1-452F-8319-84CAC2B36DC5}.Release|Any CPU.ActiveCfg = Release|x86
		{05995382-03B1-452F-8319-84CAC2B36DC5}.Release|AnyCPU.ActiveCfg = Release|x86
		{05995382-03B1-452F-8319-84CAC2B36DC5}.Release|Mixed Platforms.ActiveCfg = Release|x86
		{05995382-03B1-452F-8319-84CAC2B36DC5}.Release|Mixed Platforms.Build.0 = Release|x86
		{05995382-03B1-452F-8319-84CAC2B36DC5}.Release|x86.ActiveCfg = Release|x86
		{05995382-03B1-452F-8319-84CAC2B36DC5}.Release|x86.Build.0 = Release|x86
		{CDD8B187-EC4F-4DC2-A18F-C17D49B8B9ED}.Debug|Any CPU.ActiveCfg = Debug|Any CPU
		{CDD8B187-EC4F-4DC2-A18F-C17D49B8B9ED}.Debug|Any CPU.Build.0 = Debug|Any CPU
		{CDD8B187-EC4F-4DC2-A18F-C17D49B8B9ED}.Debug|AnyCPU.ActiveCfg = Debug|Any CPU
		{CDD8B187-EC4F-4DC2-A18F-C17D49B8B9ED}.Debug|Mixed Platforms.ActiveCfg = Debug|Any CPU
		{CDD8B187-EC4F-4DC2-A18F-C17D49B8B9ED}.Debug|Mixed Platforms.Build.0 = Debug|Any CPU
		{CDD8B187-EC4F-4DC2-A18F-C17D49B8B9ED}.Debug|x86.ActiveCfg = Debug|Any CPU
		{CDD8B187-EC4F-4DC2-A18F-C17D49B8B9ED}.LIBS|Any CPU.ActiveCfg = Release|Any CPU
		{CDD8B187-EC4F-4DC2-A18F-C17D49B8B9ED}.LIBS|Any CPU.Build.0 = Release|Any CPU
		{CDD8B187-EC4F-4DC2-A18F-C17D49B8B9ED}.LIBS|AnyCPU.ActiveCfg = Release|Any CPU
		{CDD8B187-EC4F-4DC2-A18F-C17D49B8B9ED}.LIBS|AnyCPU.Build.0 = Release|Any CPU
		{CDD8B187-EC4F-4DC2-A18F-C17D49B8B9ED}.LIBS|Mixed Platforms.ActiveCfg = Release|Any CPU
		{CDD8B187-EC4F-4DC2-A18F-C17D49B8B9ED}.LIBS|Mixed Platforms.Build.0 = Release|Any CPU
		{CDD8B187-EC4F-4DC2-A18F-C17D49B8B9ED}.LIBS|x86.ActiveCfg = Release|Any CPU
		{CDD8B187-EC4F-4DC2-A18F-C17D49B8B9ED}.LIBS|x86.Build.0 = Release|Any CPU
		{CDD8B187-EC4F-4DC2-A18F-C17D49B8B9ED}.NViewer|Any CPU.ActiveCfg = Release|Any CPU
		{CDD8B187-EC4F-4DC2-A18F-C17D49B8B9ED}.NViewer|Any CPU.Build.0 = Release|Any CPU
		{CDD8B187-EC4F-4DC2-A18F-C17D49B8B9ED}.NViewer|AnyCPU.ActiveCfg = Release|Any CPU
		{CDD8B187-EC4F-4DC2-A18F-C17D49B8B9ED}.NViewer|AnyCPU.Build.0 = Release|Any CPU
		{CDD8B187-EC4F-4DC2-A18F-C17D49B8B9ED}.NViewer|Mixed Platforms.ActiveCfg = Release|Any CPU
		{CDD8B187-EC4F-4DC2-A18F-C17D49B8B9ED}.NViewer|Mixed Platforms.Build.0 = Release|Any CPU
		{CDD8B187-EC4F-4DC2-A18F-C17D49B8B9ED}.NViewer|x86.ActiveCfg = Release|Any CPU
		{CDD8B187-EC4F-4DC2-A18F-C17D49B8B9ED}.NViewer|x86.Build.0 = Release|Any CPU
		{CDD8B187-EC4F-4DC2-A18F-C17D49B8B9ED}.OPC|Any CPU.ActiveCfg = Release|Any CPU
		{CDD8B187-EC4F-4DC2-A18F-C17D49B8B9ED}.OPC|Any CPU.Build.0 = Release|Any CPU
		{CDD8B187-EC4F-4DC2-A18F-C17D49B8B9ED}.OPC|AnyCPU.ActiveCfg = Release|Any CPU
		{CDD8B187-EC4F-4DC2-A18F-C17D49B8B9ED}.OPC|AnyCPU.Build.0 = Release|Any CPU
		{CDD8B187-EC4F-4DC2-A18F-C17D49B8B9ED}.OPC|Mixed Platforms.ActiveCfg = Release|Any CPU
		{CDD8B187-EC4F-4DC2-A18F-C17D49B8B9ED}.OPC|Mixed Platforms.Build.0 = Release|Any CPU
		{CDD8B187-EC4F-4DC2-A18F-C17D49B8B9ED}.OPC|x86.ActiveCfg = Release|Any CPU
		{CDD8B187-EC4F-4DC2-A18F-C17D49B8B9ED}.OPC|x86.Build.0 = Release|Any CPU
		{CDD8B187-EC4F-4DC2-A18F-C17D49B8B9ED}.Release|Any CPU.ActiveCfg = Release|Any CPU
		{CDD8B187-EC4F-4DC2-A18F-C17D49B8B9ED}.Release|Any CPU.Build.0 = Release|Any CPU
		{CDD8B187-EC4F-4DC2-A18F-C17D49B8B9ED}.Release|AnyCPU.ActiveCfg = Release|Any CPU
		{CDD8B187-EC4F-4DC2-A18F-C17D49B8B9ED}.Release|Mixed Platforms.ActiveCfg = Release|Any CPU
		{CDD8B187-EC4F-4DC2-A18F-C17D49B8B9ED}.Release|Mixed Platforms.Build.0 = Release|Any CPU
		{CDD8B187-EC4F-4DC2-A18F-C17D49B8B9ED}.Release|x86.ActiveCfg = Release|Any CPU
		{7FF0858C-26BC-433E-A304-47B78522ADE4}.Debug|Any CPU.ActiveCfg = Debug|Any CPU
		{7FF0858C-26BC-433E-A304-47B78522ADE4}.Debug|Any CPU.Build.0 = Debug|Any CPU
		{7FF0858C-26BC-433E-A304-47B78522ADE4}.Debug|AnyCPU.ActiveCfg = Debug|Any CPU
		{7FF0858C-26BC-433E-A304-47B78522ADE4}.Debug|Mixed Platforms.ActiveCfg = Debug|Any CPU
		{7FF0858C-26BC-433E-A304-47B78522ADE4}.Debug|Mixed Platforms.Build.0 = Debug|Any CPU
		{7FF0858C-26BC-433E-A304-47B78522ADE4}.Debug|x86.ActiveCfg = Debug|Any CPU
		{7FF0858C-26BC-433E-A304-47B78522ADE4}.LIBS|Any CPU.ActiveCfg = Release|Any CPU
		{7FF0858C-26BC-433E-A304-47B78522ADE4}.LIBS|Any CPU.Build.0 = Release|Any CPU
		{7FF0858C-26BC-433E-A304-47B78522ADE4}.LIBS|AnyCPU.ActiveCfg = Release|Any CPU
		{7FF0858C-26BC-433E-A304-47B78522ADE4}.LIBS|AnyCPU.Build.0 = Release|Any CPU
		{7FF0858C-26BC-433E-A304-47B78522ADE4}.LIBS|Mixed Platforms.ActiveCfg = Release|Any CPU
		{7FF0858C-26BC-433E-A304-47B78522ADE4}.LIBS|Mixed Platforms.Build.0 = Release|Any CPU
		{7FF0858C-26BC-433E-A304-47B78522ADE4}.LIBS|x86.ActiveCfg = Release|Any CPU
		{7FF0858C-26BC-433E-A304-47B78522ADE4}.LIBS|x86.Build.0 = Release|Any CPU
		{7FF0858C-26BC-433E-A304-47B78522ADE4}.NViewer|Any CPU.ActiveCfg = Release|Any CPU
		{7FF0858C-26BC-433E-A304-47B78522ADE4}.NViewer|Any CPU.Build.0 = Release|Any CPU
		{7FF0858C-26BC-433E-A304-47B78522ADE4}.NViewer|AnyCPU.ActiveCfg = Release|Any CPU
		{7FF0858C-26BC-433E-A304-47B78522ADE4}.NViewer|AnyCPU.Build.0 = Release|Any CPU
		{7FF0858C-26BC-433E-A304-47B78522ADE4}.NViewer|Mixed Platforms.ActiveCfg = Release|Any CPU
		{7FF0858C-26BC-433E-A304-47B78522ADE4}.NViewer|Mixed Platforms.Build.0 = Release|Any CPU
		{7FF0858C-26BC-433E-A304-47B78522ADE4}.NViewer|x86.ActiveCfg = Release|Any CPU
		{7FF0858C-26BC-433E-A304-47B78522ADE4}.NViewer|x86.Build.0 = Release|Any CPU
		{7FF0858C-26BC-433E-A304-47B78522ADE4}.OPC|Any CPU.ActiveCfg = Release|Any CPU
		{7FF0858C-26BC-433E-A304-47B78522ADE4}.OPC|Any CPU.Build.0 = Release|Any CPU
		{7FF0858C-26BC-433E-A304-47B78522ADE4}.OPC|AnyCPU.ActiveCfg = Release|Any CPU
		{7FF0858C-26BC-433E-A304-47B78522ADE4}.OPC|AnyCPU.Build.0 = Release|Any CPU
		{7FF0858C-26BC-433E-A304-47B78522ADE4}.OPC|Mixed Platforms.ActiveCfg = Release|Any CPU
		{7FF0858C-26BC-433E-A304-47B78522ADE4}.OPC|Mixed Platforms.Build.0 = Release|Any CPU
		{7FF0858C-26BC-433E-A304-47B78522ADE4}.OPC|x86.ActiveCfg = Release|Any CPU
		{7FF0858C-26BC-433E-A304-47B78522ADE4}.OPC|x86.Build.0 = Release|Any CPU
		{7FF0858C-26BC-433E-A304-47B78522ADE4}.Release|Any CPU.ActiveCfg = Release|Any CPU
		{7FF0858C-26BC-433E-A304-47B78522ADE4}.Release|Any CPU.Build.0 = Release|Any CPU
		{7FF0858C-26BC-433E-A304-47B78522ADE4}.Release|AnyCPU.ActiveCfg = Release|Any CPU
		{7FF0858C-26BC-433E-A304-47B78522ADE4}.Release|Mixed Platforms.ActiveCfg = Release|Any CPU
		{7FF0858C-26BC-433E-A304-47B78522ADE4}.Release|Mixed Platforms.Build.0 = Release|Any CPU
		{7FF0858C-26BC-433E-A304-47B78522ADE4}.Release|x86.ActiveCfg = Release|Any CPU
		{0C9A0BF6-26D9-459F-9A03-84B183158449}.Debug|Any CPU.ActiveCfg = Debug|Any CPU
		{0C9A0BF6-26D9-459F-9A03-84B183158449}.Debug|Any CPU.Build.0 = Debug|Any CPU
		{0C9A0BF6-26D9-459F-9A03-84B183158449}.Debug|AnyCPU.ActiveCfg = Debug|Any CPU
		{0C9A0BF6-26D9-459F-9A03-84B183158449}.Debug|AnyCPU.Build.0 = Debug|Any CPU
		{0C9A0BF6-26D9-459F-9A03-84B183158449}.Debug|Mixed Platforms.ActiveCfg = Debug|Any CPU
		{0C9A0BF6-26D9-459F-9A03-84B183158449}.Debug|Mixed Platforms.Build.0 = Debug|Any CPU
		{0C9A0BF6-26D9-459F-9A03-84B183158449}.Debug|x86.ActiveCfg = Debug|Any CPU
		{0C9A0BF6-26D9-459F-9A03-84B183158449}.Debug|x86.Build.0 = Debug|Any CPU
		{0C9A0BF6-26D9-459F-9A03-84B183158449}.LIBS|Any CPU.ActiveCfg = Release|Any CPU
		{0C9A0BF6-26D9-459F-9A03-84B183158449}.LIBS|Any CPU.Build.0 = Release|Any CPU
		{0C9A0BF6-26D9-459F-9A03-84B183158449}.LIBS|AnyCPU.ActiveCfg = Release|Any CPU
		{0C9A0BF6-26D9-459F-9A03-84B183158449}.LIBS|AnyCPU.Build.0 = Release|Any CPU
		{0C9A0BF6-26D9-459F-9A03-84B183158449}.LIBS|Mixed Platforms.ActiveCfg = Release|Any CPU
		{0C9A0BF6-26D9-459F-9A03-84B183158449}.LIBS|Mixed Platforms.Build.0 = Release|Any CPU
		{0C9A0BF6-26D9-459F-9A03-84B183158449}.LIBS|x86.ActiveCfg = Release|Any CPU
		{0C9A0BF6-26D9-459F-9A03-84B183158449}.LIBS|x86.Build.0 = Release|Any CPU
		{0C9A0BF6-26D9-459F-9A03-84B183158449}.NViewer|Any CPU.ActiveCfg = Release|Any CPU
		{0C9A0BF6-26D9-459F-9A03-84B183158449}.NViewer|Any CPU.Build.0 = Release|Any CPU
		{0C9A0BF6-26D9-459F-9A03-84B183158449}.NViewer|AnyCPU.ActiveCfg = Release|Any CPU
		{0C9A0BF6-26D9-459F-9A03-84B183158449}.NViewer|AnyCPU.Build.0 = Release|Any CPU
		{0C9A0BF6-26D9-459F-9A03-84B183158449}.NViewer|Mixed Platforms.ActiveCfg = Release|Any CPU
		{0C9A0BF6-26D9-459F-9A03-84B183158449}.NViewer|Mixed Platforms.Build.0 = Release|Any CPU
		{0C9A0BF6-26D9-459F-9A03-84B183158449}.NViewer|x86.ActiveCfg = Release|Any CPU
		{0C9A0BF6-26D9-459F-9A03-84B183158449}.NViewer|x86.Build.0 = Release|Any CPU
		{0C9A0BF6-26D9-459F-9A03-84B183158449}.OPC|Any CPU.ActiveCfg = Release|Any CPU
		{0C9A0BF6-26D9-459F-9A03-84B183158449}.OPC|Any CPU.Build.0 = Release|Any CPU
		{0C9A0BF6-26D9-459F-9A03-84B183158449}.OPC|AnyCPU.ActiveCfg = Release|Any CPU
		{0C9A0BF6-26D9-459F-9A03-84B183158449}.OPC|AnyCPU.Build.0 = Release|Any CPU
		{0C9A0BF6-26D9-459F-9A03-84B183158449}.OPC|Mixed Platforms.ActiveCfg = Release|Any CPU
		{0C9A0BF6-26D9-459F-9A03-84B183158449}.OPC|Mixed Platforms.Build.0 = Release|Any CPU
		{0C9A0BF6-26D9-459F-9A03-84B183158449}.OPC|x86.ActiveCfg = Release|Any CPU
		{0C9A0BF6-26D9-459F-9A03-84B183158449}.OPC|x86.Build.0 = Release|Any CPU
		{0C9A0BF6-26D9-459F-9A03-84B183158449}.Release|Any CPU.ActiveCfg = Release|Any CPU
		{0C9A0BF6-26D9-459F-9A03-84B183158449}.Release|Any CPU.Build.0 = Release|Any CPU
		{0C9A0BF6-26D9-459F-9A03-84B183158449}.Release|AnyCPU.ActiveCfg = Release|Any CPU
		{0C9A0BF6-26D9-459F-9A03-84B183158449}.Release|AnyCPU.Build.0 = Release|Any CPU
		{0C9A0BF6-26D9-459F-9A03-84B183158449}.Release|Mixed Platforms.ActiveCfg = Release|Any CPU
		{0C9A0BF6-26D9-459F-9A03-84B183158449}.Release|Mixed Platforms.Build.0 = Release|Any CPU
		{0C9A0BF6-26D9-459F-9A03-84B183158449}.Release|x86.ActiveCfg = Release|Any CPU
		{0C9A0BF6-26D9-459F-9A03-84B183158449}.Release|x86.Build.0 = Release|Any CPU
		{7B1AB2A9-C313-414E-87F8-0F2A71234FD0}.Debug|Any CPU.ActiveCfg = Debug|Any CPU
		{7B1AB2A9-C313-414E-87F8-0F2A71234FD0}.Debug|Any CPU.Build.0 = Debug|Any CPU
		{7B1AB2A9-C313-414E-87F8-0F2A71234FD0}.Debug|AnyCPU.ActiveCfg = Debug|Any CPU
		{7B1AB2A9-C313-414E-87F8-0F2A71234FD0}.Debug|AnyCPU.Build.0 = Debug|Any CPU
		{7B1AB2A9-C313-414E-87F8-0F2A71234FD0}.Debug|Mixed Platforms.ActiveCfg = Debug|Any CPU
		{7B1AB2A9-C313-414E-87F8-0F2A71234FD0}.Debug|Mixed Platforms.Build.0 = Debug|Any CPU
		{7B1AB2A9-C313-414E-87F8-0F2A71234FD0}.Debug|x86.ActiveCfg = Debug|Any CPU
		{7B1AB2A9-C313-414E-87F8-0F2A71234FD0}.Debug|x86.Build.0 = Debug|Any CPU
		{7B1AB2A9-C313-414E-87F8-0F2A71234FD0}.LIBS|Any CPU.ActiveCfg = Release|Any CPU
		{7B1AB2A9-C313-414E-87F8-0F2A71234FD0}.LIBS|Any CPU.Build.0 = Release|Any CPU
		{7B1AB2A9-C313-414E-87F8-0F2A71234FD0}.LIBS|AnyCPU.ActiveCfg = Release|Any CPU
		{7B1AB2A9-C313-414E-87F8-0F2A71234FD0}.LIBS|AnyCPU.Build.0 = Release|Any CPU
		{7B1AB2A9-C313-414E-87F8-0F2A71234FD0}.LIBS|Mixed Platforms.ActiveCfg = Release|Any CPU
		{7B1AB2A9-C313-414E-87F8-0F2A71234FD0}.LIBS|Mixed Platforms.Build.0 = Release|Any CPU
		{7B1AB2A9-C313-414E-87F8-0F2A71234FD0}.LIBS|x86.ActiveCfg = Release|Any CPU
		{7B1AB2A9-C313-414E-87F8-0F2A71234FD0}.LIBS|x86.Build.0 = Release|Any CPU
		{7B1AB2A9-C313-414E-87F8-0F2A71234FD0}.NViewer|Any CPU.ActiveCfg = Release|Any CPU
		{7B1AB2A9-C313-414E-87F8-0F2A71234FD0}.NViewer|Any CPU.Build.0 = Release|Any CPU
		{7B1AB2A9-C313-414E-87F8-0F2A71234FD0}.NViewer|AnyCPU.ActiveCfg = Release|Any CPU
		{7B1AB2A9-C313-414E-87F8-0F2A71234FD0}.NViewer|AnyCPU.Build.0 = Release|Any CPU
		{7B1AB2A9-C313-414E-87F8-0F2A71234FD0}.NViewer|Mixed Platforms.ActiveCfg = Release|Any CPU
		{7B1AB2A9-C313-414E-87F8-0F2A71234FD0}.NViewer|Mixed Platforms.Build.0 = Release|Any CPU
		{7B1AB2A9-C313-414E-87F8-0F2A71234FD0}.NViewer|x86.ActiveCfg = Release|Any CPU
		{7B1AB2A9-C313-414E-87F8-0F2A71234FD0}.NViewer|x86.Build.0 = Release|Any CPU
		{7B1AB2A9-C313-414E-87F8-0F2A71234FD0}.OPC|Any CPU.ActiveCfg = Release|Any CPU
		{7B1AB2A9-C313-414E-87F8-0F2A71234FD0}.OPC|Any CPU.Build.0 = Release|Any CPU
		{7B1AB2A9-C313-414E-87F8-0F2A71234FD0}.OPC|AnyCPU.ActiveCfg = Release|Any CPU
		{7B1AB2A9-C313-414E-87F8-0F2A71234FD0}.OPC|AnyCPU.Build.0 = Release|Any CPU
		{7B1AB2A9-C313-414E-87F8-0F2A71234FD0}.OPC|Mixed Platforms.ActiveCfg = Release|Any CPU
		{7B1AB2A9-C313-414E-87F8-0F2A71234FD0}.OPC|Mixed Platforms.Build.0 = Release|Any CPU
		{7B1AB2A9-C313-414E-87F8-0F2A71234FD0}.OPC|x86.ActiveCfg = Release|Any CPU
		{7B1AB2A9-C313-414E-87F8-0F2A71234FD0}.OPC|x86.Build.0 = Release|Any CPU
		{7B1AB2A9-C313-414E-87F8-0F2A71234FD0}.Release|Any CPU.ActiveCfg = Release|Any CPU
		{7B1AB2A9-C313-414E-87F8-0F2A71234FD0}.Release|Any CPU.Build.0 = Release|Any CPU
		{7B1AB2A9-C313-414E-87F8-0F2A71234FD0}.Release|AnyCPU.ActiveCfg = Release|Any CPU
		{7B1AB2A9-C313-414E-87F8-0F2A71234FD0}.Release|AnyCPU.Build.0 = Release|Any CPU
		{7B1AB2A9-C313-414E-87F8-0F2A71234FD0}.Release|Mixed Platforms.ActiveCfg = Release|Any CPU
		{7B1AB2A9-C313-414E-87F8-0F2A71234FD0}.Release|Mixed Platforms.Build.0 = Release|Any CPU
		{7B1AB2A9-C313-414E-87F8-0F2A71234FD0}.Release|x86.ActiveCfg = Release|Any CPU
		{7B1AB2A9-C313-414E-87F8-0F2A71234FD0}.Release|x86.Build.0 = Release|Any CPU
		{5E9CFDA7-975A-4EF5-A7E7-B638DF3D19F7}.Debug|Any CPU.ActiveCfg = Debug|Any CPU
		{5E9CFDA7-975A-4EF5-A7E7-B638DF3D19F7}.Debug|Any CPU.Build.0 = Debug|Any CPU
		{5E9CFDA7-975A-4EF5-A7E7-B638DF3D19F7}.Debug|AnyCPU.ActiveCfg = Debug|Any CPU
		{5E9CFDA7-975A-4EF5-A7E7-B638DF3D19F7}.Debug|AnyCPU.Build.0 = Debug|Any CPU
		{5E9CFDA7-975A-4EF5-A7E7-B638DF3D19F7}.Debug|Mixed Platforms.ActiveCfg = Debug|Any CPU
		{5E9CFDA7-975A-4EF5-A7E7-B638DF3D19F7}.Debug|Mixed Platforms.Build.0 = Debug|Any CPU
		{5E9CFDA7-975A-4EF5-A7E7-B638DF3D19F7}.Debug|x86.ActiveCfg = Debug|Any CPU
		{5E9CFDA7-975A-4EF5-A7E7-B638DF3D19F7}.Debug|x86.Build.0 = Debug|Any CPU
		{5E9CFDA7-975A-4EF5-A7E7-B638DF3D19F7}.LIBS|Any CPU.ActiveCfg = LIBS|Any CPU
		{5E9CFDA7-975A-4EF5-A7E7-B638DF3D19F7}.LIBS|Any CPU.Build.0 = LIBS|Any CPU
		{5E9CFDA7-975A-4EF5-A7E7-B638DF3D19F7}.LIBS|AnyCPU.ActiveCfg = LIBS|Any CPU
		{5E9CFDA7-975A-4EF5-A7E7-B638DF3D19F7}.LIBS|AnyCPU.Build.0 = LIBS|Any CPU
		{5E9CFDA7-975A-4EF5-A7E7-B638DF3D19F7}.LIBS|Mixed Platforms.ActiveCfg = LIBS|Any CPU
		{5E9CFDA7-975A-4EF5-A7E7-B638DF3D19F7}.LIBS|Mixed Platforms.Build.0 = LIBS|Any CPU
		{5E9CFDA7-975A-4EF5-A7E7-B638DF3D19F7}.LIBS|x86.ActiveCfg = LIBS|Any CPU
		{5E9CFDA7-975A-4EF5-A7E7-B638DF3D19F7}.LIBS|x86.Build.0 = LIBS|Any CPU
		{5E9CFDA7-975A-4EF5-A7E7-B638DF3D19F7}.NViewer|Any CPU.ActiveCfg = NViewer|Any CPU
		{5E9CFDA7-975A-4EF5-A7E7-B638DF3D19F7}.NViewer|Any CPU.Build.0 = NViewer|Any CPU
		{5E9CFDA7-975A-4EF5-A7E7-B638DF3D19F7}.NViewer|AnyCPU.ActiveCfg = NViewer|Any CPU
		{5E9CFDA7-975A-4EF5-A7E7-B638DF3D19F7}.NViewer|AnyCPU.Build.0 = NViewer|Any CPU
		{5E9CFDA7-975A-4EF5-A7E7-B638DF3D19F7}.NViewer|Mixed Platforms.ActiveCfg = NViewer|Any CPU
		{5E9CFDA7-975A-4EF5-A7E7-B638DF3D19F7}.NViewer|Mixed Platforms.Build.0 = NViewer|Any CPU
		{5E9CFDA7-975A-4EF5-A7E7-B638DF3D19F7}.NViewer|x86.ActiveCfg = NViewer|Any CPU
		{5E9CFDA7-975A-4EF5-A7E7-B638DF3D19F7}.NViewer|x86.Build.0 = NViewer|Any CPU
		{5E9CFDA7-975A-4EF5-A7E7-B638DF3D19F7}.OPC|Any CPU.ActiveCfg = OPC|Any CPU
		{5E9CFDA7-975A-4EF5-A7E7-B638DF3D19F7}.OPC|Any CPU.Build.0 = OPC|Any CPU
		{5E9CFDA7-975A-4EF5-A7E7-B638DF3D19F7}.OPC|AnyCPU.ActiveCfg = OPC|Any CPU
		{5E9CFDA7-975A-4EF5-A7E7-B638DF3D19F7}.OPC|AnyCPU.Build.0 = OPC|Any CPU
		{5E9CFDA7-975A-4EF5-A7E7-B638DF3D19F7}.OPC|Mixed Platforms.ActiveCfg = OPC|Any CPU
		{5E9CFDA7-975A-4EF5-A7E7-B638DF3D19F7}.OPC|Mixed Platforms.Build.0 = OPC|Any CPU
		{5E9CFDA7-975A-4EF5-A7E7-B638DF3D19F7}.OPC|x86.ActiveCfg = OPC|Any CPU
		{5E9CFDA7-975A-4EF5-A7E7-B638DF3D19F7}.OPC|x86.Build.0 = OPC|Any CPU
		{5E9CFDA7-975A-4EF5-A7E7-B638DF3D19F7}.Release|Any CPU.ActiveCfg = Release|Any CPU
		{5E9CFDA7-975A-4EF5-A7E7-B638DF3D19F7}.Release|Any CPU.Build.0 = Release|Any CPU
		{5E9CFDA7-975A-4EF5-A7E7-B638DF3D19F7}.Release|AnyCPU.ActiveCfg = Release|Any CPU
		{5E9CFDA7-975A-4EF5-A7E7-B638DF3D19F7}.Release|AnyCPU.Build.0 = Release|Any CPU
		{5E9CFDA7-975A-4EF5-A7E7-B638DF3D19F7}.Release|Mixed Platforms.ActiveCfg = Release|Any CPU
		{5E9CFDA7-975A-4EF5-A7E7-B638DF3D19F7}.Release|Mixed Platforms.Build.0 = Release|Any CPU
		{5E9CFDA7-975A-4EF5-A7E7-B638DF3D19F7}.Release|x86.ActiveCfg = Release|Any CPU
		{5E9CFDA7-975A-4EF5-A7E7-B638DF3D19F7}.Release|x86.Build.0 = Release|Any CPU
		{DA7B2F1A-0EF9-4730-8ADA-58919F52B0FC}.Debug|Any CPU.ActiveCfg = Debug|Any CPU
		{DA7B2F1A-0EF9-4730-8ADA-58919F52B0FC}.Debug|Any CPU.Build.0 = Debug|Any CPU
		{DA7B2F1A-0EF9-4730-8ADA-58919F52B0FC}.Debug|AnyCPU.ActiveCfg = Debug|Any CPU
		{DA7B2F1A-0EF9-4730-8ADA-58919F52B0FC}.Debug|AnyCPU.Build.0 = Debug|Any CPU
		{DA7B2F1A-0EF9-4730-8ADA-58919F52B0FC}.Debug|Mixed Platforms.ActiveCfg = Debug|Any CPU
		{DA7B2F1A-0EF9-4730-8ADA-58919F52B0FC}.Debug|Mixed Platforms.Build.0 = Debug|Any CPU
		{DA7B2F1A-0EF9-4730-8ADA-58919F52B0FC}.Debug|x86.ActiveCfg = Debug|Any CPU
		{DA7B2F1A-0EF9-4730-8ADA-58919F52B0FC}.Debug|x86.Build.0 = Debug|Any CPU
		{DA7B2F1A-0EF9-4730-8ADA-58919F52B0FC}.LIBS|Any CPU.ActiveCfg = Release|Any CPU
		{DA7B2F1A-0EF9-4730-8ADA-58919F52B0FC}.LIBS|Any CPU.Build.0 = Release|Any CPU
		{DA7B2F1A-0EF9-4730-8ADA-58919F52B0FC}.LIBS|AnyCPU.ActiveCfg = Release|Any CPU
		{DA7B2F1A-0EF9-4730-8ADA-58919F52B0FC}.LIBS|AnyCPU.Build.0 = Release|Any CPU
		{DA7B2F1A-0EF9-4730-8ADA-58919F52B0FC}.LIBS|Mixed Platforms.ActiveCfg = Release|Any CPU
		{DA7B2F1A-0EF9-4730-8ADA-58919F52B0FC}.LIBS|Mixed Platforms.Build.0 = Release|Any CPU
		{DA7B2F1A-0EF9-4730-8ADA-58919F52B0FC}.LIBS|x86.ActiveCfg = Release|Any CPU
		{DA7B2F1A-0EF9-4730-8ADA-58919F52B0FC}.LIBS|x86.Build.0 = Release|Any CPU
		{DA7B2F1A-0EF9-4730-8ADA-58919F52B0FC}.NViewer|Any CPU.ActiveCfg = Release|Any CPU
		{DA7B2F1A-0EF9-4730-8ADA-58919F52B0FC}.NViewer|Any CPU.Build.0 = Release|Any CPU
		{DA7B2F1A-0EF9-4730-8ADA-58919F52B0FC}.NViewer|AnyCPU.ActiveCfg = Release|Any CPU
		{DA7B2F1A-0EF9-4730-8ADA-58919F52B0FC}.NViewer|AnyCPU.Build.0 = Release|Any CPU
		{DA7B2F1A-0EF9-4730-8ADA-58919F52B0FC}.NViewer|Mixed Platforms.ActiveCfg = Release|Any CPU
		{DA7B2F1A-0EF9-4730-8ADA-58919F52B0FC}.NViewer|Mixed Platforms.Build.0 = Release|Any CPU
		{DA7B2F1A-0EF9-4730-8ADA-58919F52B0FC}.NViewer|x86.ActiveCfg = Release|Any CPU
		{DA7B2F1A-0EF9-4730-8ADA-58919F52B0FC}.NViewer|x86.Build.0 = Release|Any CPU
		{DA7B2F1A-0EF9-4730-8ADA-58919F52B0FC}.OPC|Any CPU.ActiveCfg = Release|Any CPU
		{DA7B2F1A-0EF9-4730-8ADA-58919F52B0FC}.OPC|Any CPU.Build.0 = Release|Any CPU
		{DA7B2F1A-0EF9-4730-8ADA-58919F52B0FC}.OPC|AnyCPU.ActiveCfg = Release|Any CPU
		{DA7B2F1A-0EF9-4730-8ADA-58919F52B0FC}.OPC|AnyCPU.Build.0 = Release|Any CPU
		{DA7B2F1A-0EF9-4730-8ADA-58919F52B0FC}.OPC|Mixed Platforms.ActiveCfg = Release|Any CPU
		{DA7B2F1A-0EF9-4730-8ADA-58919F52B0FC}.OPC|Mixed Platforms.Build.0 = Release|Any CPU
		{DA7B2F1A-0EF9-4730-8ADA-58919F52B0FC}.OPC|x86.ActiveCfg = Release|Any CPU
		{DA7B2F1A-0EF9-4730-8ADA-58919F52B0FC}.OPC|x86.Build.0 = Release|Any CPU
		{DA7B2F1A-0EF9-4730-8ADA-58919F52B0FC}.Release|Any CPU.ActiveCfg = Release|Any CPU
		{DA7B2F1A-0EF9-4730-8ADA-58919F52B0FC}.Release|Any CPU.Build.0 = Release|Any CPU
		{DA7B2F1A-0EF9-4730-8ADA-58919F52B0FC}.Release|AnyCPU.ActiveCfg = Release|Any CPU
		{DA7B2F1A-0EF9-4730-8ADA-58919F52B0FC}.Release|AnyCPU.Build.0 = Release|Any CPU
		{DA7B2F1A-0EF9-4730-8ADA-58919F52B0FC}.Release|Mixed Platforms.ActiveCfg = Release|Any CPU
		{DA7B2F1A-0EF9-4730-8ADA-58919F52B0FC}.Release|Mixed Platforms.Build.0 = Release|Any CPU
		{DA7B2F1A-0EF9-4730-8ADA-58919F52B0FC}.Release|x86.ActiveCfg = Release|Any CPU
		{DA7B2F1A-0EF9-4730-8ADA-58919F52B0FC}.Release|x86.Build.0 = Release|Any CPU
		{13D174FF-B95A-46DB-8637-43251308A5C0}.Debug|Any CPU.ActiveCfg = Debug|Any CPU
		{13D174FF-B95A-46DB-8637-43251308A5C0}.Debug|Any CPU.Build.0 = Debug|Any CPU
		{13D174FF-B95A-46DB-8637-43251308A5C0}.Debug|AnyCPU.ActiveCfg = Debug|Any CPU
		{13D174FF-B95A-46DB-8637-43251308A5C0}.Debug|AnyCPU.Build.0 = Debug|Any CPU
		{13D174FF-B95A-46DB-8637-43251308A5C0}.Debug|Mixed Platforms.ActiveCfg = Debug|Any CPU
		{13D174FF-B95A-46DB-8637-43251308A5C0}.Debug|Mixed Platforms.Build.0 = Debug|Any CPU
		{13D174FF-B95A-46DB-8637-43251308A5C0}.Debug|x86.ActiveCfg = Debug|Any CPU
		{13D174FF-B95A-46DB-8637-43251308A5C0}.Debug|x86.Build.0 = Debug|Any CPU
		{13D174FF-B95A-46DB-8637-43251308A5C0}.LIBS|Any CPU.ActiveCfg = Release|Any CPU
		{13D174FF-B95A-46DB-8637-43251308A5C0}.LIBS|Any CPU.Build.0 = Release|Any CPU
		{13D174FF-B95A-46DB-8637-43251308A5C0}.LIBS|AnyCPU.ActiveCfg = Release|Any CPU
		{13D174FF-B95A-46DB-8637-43251308A5C0}.LIBS|AnyCPU.Build.0 = Release|Any CPU
		{13D174FF-B95A-46DB-8637-43251308A5C0}.LIBS|Mixed Platforms.ActiveCfg = Release|Any CPU
		{13D174FF-B95A-46DB-8637-43251308A5C0}.LIBS|Mixed Platforms.Build.0 = Release|Any CPU
		{13D174FF-B95A-46DB-8637-43251308A5C0}.LIBS|x86.ActiveCfg = Release|Any CPU
		{13D174FF-B95A-46DB-8637-43251308A5C0}.LIBS|x86.Build.0 = Release|Any CPU
		{13D174FF-B95A-46DB-8637-43251308A5C0}.NViewer|Any CPU.ActiveCfg = Release|Any CPU
		{13D174FF-B95A-46DB-8637-43251308A5C0}.NViewer|Any CPU.Build.0 = Release|Any CPU
		{13D174FF-B95A-46DB-8637-43251308A5C0}.NViewer|AnyCPU.ActiveCfg = Release|Any CPU
		{13D174FF-B95A-46DB-8637-43251308A5C0}.NViewer|AnyCPU.Build.0 = Release|Any CPU
		{13D174FF-B95A-46DB-8637-43251308A5C0}.NViewer|Mixed Platforms.ActiveCfg = Release|Any CPU
		{13D174FF-B95A-46DB-8637-43251308A5C0}.NViewer|Mixed Platforms.Build.0 = Release|Any CPU
		{13D174FF-B95A-46DB-8637-43251308A5C0}.NViewer|x86.ActiveCfg = Release|Any CPU
		{13D174FF-B95A-46DB-8637-43251308A5C0}.NViewer|x86.Build.0 = Release|Any CPU
		{13D174FF-B95A-46DB-8637-43251308A5C0}.OPC|Any CPU.ActiveCfg = Release|Any CPU
		{13D174FF-B95A-46DB-8637-43251308A5C0}.OPC|Any CPU.Build.0 = Release|Any CPU
		{13D174FF-B95A-46DB-8637-43251308A5C0}.OPC|AnyCPU.ActiveCfg = Release|Any CPU
		{13D174FF-B95A-46DB-8637-43251308A5C0}.OPC|AnyCPU.Build.0 = Release|Any CPU
		{13D174FF-B95A-46DB-8637-43251308A5C0}.OPC|Mixed Platforms.ActiveCfg = Release|Any CPU
		{13D174FF-B95A-46DB-8637-43251308A5C0}.OPC|Mixed Platforms.Build.0 = Release|Any CPU
		{13D174FF-B95A-46DB-8637-43251308A5C0}.OPC|x86.ActiveCfg = Release|Any CPU
		{13D174FF-B95A-46DB-8637-43251308A5C0}.OPC|x86.Build.0 = Release|Any CPU
		{13D174FF-B95A-46DB-8637-43251308A5C0}.Release|Any CPU.ActiveCfg = Release|Any CPU
		{13D174FF-B95A-46DB-8637-43251308A5C0}.Release|Any CPU.Build.0 = Release|Any CPU
		{13D174FF-B95A-46DB-8637-43251308A5C0}.Release|AnyCPU.ActiveCfg = Release|Any CPU
		{13D174FF-B95A-46DB-8637-43251308A5C0}.Release|AnyCPU.Build.0 = Release|Any CPU
		{13D174FF-B95A-46DB-8637-43251308A5C0}.Release|Mixed Platforms.ActiveCfg = Release|Any CPU
		{13D174FF-B95A-46DB-8637-43251308A5C0}.Release|Mixed Platforms.Build.0 = Release|Any CPU
		{13D174FF-B95A-46DB-8637-43251308A5C0}.Release|x86.ActiveCfg = Release|Any CPU
		{13D174FF-B95A-46DB-8637-43251308A5C0}.Release|x86.Build.0 = Release|Any CPU
		{44DB92CA-F807-45AF-B498-9B87DDC761BD}.Debug|Any CPU.ActiveCfg = Debug|Any CPU
		{44DB92CA-F807-45AF-B498-9B87DDC761BD}.Debug|Any CPU.Build.0 = Debug|Any CPU
		{44DB92CA-F807-45AF-B498-9B87DDC761BD}.Debug|AnyCPU.ActiveCfg = Debug|Any CPU
		{44DB92CA-F807-45AF-B498-9B87DDC761BD}.Debug|AnyCPU.Build.0 = Debug|Any CPU
		{44DB92CA-F807-45AF-B498-9B87DDC761BD}.Debug|Mixed Platforms.ActiveCfg = Debug|Any CPU
		{44DB92CA-F807-45AF-B498-9B87DDC761BD}.Debug|Mixed Platforms.Build.0 = Debug|Any CPU
		{44DB92CA-F807-45AF-B498-9B87DDC761BD}.Debug|x86.ActiveCfg = Debug|Any CPU
		{44DB92CA-F807-45AF-B498-9B87DDC761BD}.Debug|x86.Build.0 = Debug|Any CPU
		{44DB92CA-F807-45AF-B498-9B87DDC761BD}.LIBS|Any CPU.ActiveCfg = Release|Any CPU
		{44DB92CA-F807-45AF-B498-9B87DDC761BD}.LIBS|Any CPU.Build.0 = Release|Any CPU
		{44DB92CA-F807-45AF-B498-9B87DDC761BD}.LIBS|AnyCPU.ActiveCfg = Release|Any CPU
		{44DB92CA-F807-45AF-B498-9B87DDC761BD}.LIBS|AnyCPU.Build.0 = Release|Any CPU
		{44DB92CA-F807-45AF-B498-9B87DDC761BD}.LIBS|Mixed Platforms.ActiveCfg = Release|Any CPU
		{44DB92CA-F807-45AF-B498-9B87DDC761BD}.LIBS|Mixed Platforms.Build.0 = Release|Any CPU
		{44DB92CA-F807-45AF-B498-9B87DDC761BD}.LIBS|x86.ActiveCfg = Release|Any CPU
		{44DB92CA-F807-45AF-B498-9B87DDC761BD}.LIBS|x86.Build.0 = Release|Any CPU
		{44DB92CA-F807-45AF-B498-9B87DDC761BD}.NViewer|Any CPU.ActiveCfg = Release|Any CPU
		{44DB92CA-F807-45AF-B498-9B87DDC761BD}.NViewer|Any CPU.Build.0 = Release|Any CPU
		{44DB92CA-F807-45AF-B498-9B87DDC761BD}.NViewer|AnyCPU.ActiveCfg = Release|Any CPU
		{44DB92CA-F807-45AF-B498-9B87DDC761BD}.NViewer|AnyCPU.Build.0 = Release|Any CPU
		{44DB92CA-F807-45AF-B498-9B87DDC761BD}.NViewer|Mixed Platforms.ActiveCfg = Release|Any CPU
		{44DB92CA-F807-45AF-B498-9B87DDC761BD}.NViewer|Mixed Platforms.Build.0 = Release|Any CPU
		{44DB92CA-F807-45AF-B498-9B87DDC761BD}.NViewer|x86.ActiveCfg = Release|Any CPU
		{44DB92CA-F807-45AF-B498-9B87DDC761BD}.NViewer|x86.Build.0 = Release|Any CPU
		{44DB92CA-F807-45AF-B498-9B87DDC761BD}.OPC|Any CPU.ActiveCfg = Release|Any CPU
		{44DB92CA-F807-45AF-B498-9B87DDC761BD}.OPC|Any CPU.Build.0 = Release|Any CPU
		{44DB92CA-F807-45AF-B498-9B87DDC761BD}.OPC|AnyCPU.ActiveCfg = Release|Any CPU
		{44DB92CA-F807-45AF-B498-9B87DDC761BD}.OPC|AnyCPU.Build.0 = Release|Any CPU
		{44DB92CA-F807-45AF-B498-9B87DDC761BD}.OPC|Mixed Platforms.ActiveCfg = Release|Any CPU
		{44DB92CA-F807-45AF-B498-9B87DDC761BD}.OPC|Mixed Platforms.Build.0 = Release|Any CPU
		{44DB92CA-F807-45AF-B498-9B87DDC761BD}.OPC|x86.ActiveCfg = Release|Any CPU
		{44DB92CA-F807-45AF-B498-9B87DDC761BD}.OPC|x86.Build.0 = Release|Any CPU
		{44DB92CA-F807-45AF-B498-9B87DDC761BD}.Release|Any CPU.ActiveCfg = Release|Any CPU
		{44DB92CA-F807-45AF-B498-9B87DDC761BD}.Release|Any CPU.Build.0 = Release|Any CPU
		{44DB92CA-F807-45AF-B498-9B87DDC761BD}.Release|AnyCPU.ActiveCfg = Release|Any CPU
		{44DB92CA-F807-45AF-B498-9B87DDC761BD}.Release|AnyCPU.Build.0 = Release|Any CPU
		{44DB92CA-F807-45AF-B498-9B87DDC761BD}.Release|Mixed Platforms.ActiveCfg = Release|Any CPU
		{44DB92CA-F807-45AF-B498-9B87DDC761BD}.Release|Mixed Platforms.Build.0 = Release|Any CPU
		{44DB92CA-F807-45AF-B498-9B87DDC761BD}.Release|x86.ActiveCfg = Release|Any CPU
		{44DB92CA-F807-45AF-B498-9B87DDC761BD}.Release|x86.Build.0 = Release|Any CPU
	EndGlobalSection
	GlobalSection(SolutionProperties) = preSolution
		HideSolutionNode = FALSE
	EndGlobalSection
	GlobalSection(ExtensibilityGlobals) = postSolution
		SolutionGuid = {81409AA1-F503-4C8B-9A31-27D8948188EE}
	EndGlobalSection
EndGlobal
